// !$*UTF8*$!
{
	archiveVersion = 1;
	classes = {
	};
	objectVersion = 70;
	objects = {

/* Begin PBXBuildFile section */
		FC0254712D2B6C81008995FE /* PaperSettingRightView.swift in Sources */ = {isa = PBXBuildFile; fileRef = FC0254702D2B6C73008995FE /* PaperSettingRightView.swift */; };
		FC61BEE529A9D95C00C6384F /* VolumeSettingView.swift in Sources */ = {isa = PBXBuildFile; fileRef = FC61BEE429A9D95C00C6384F /* VolumeSettingView.swift */; };
		FC61BEE829A9D9CA00C6384F /* VolumentSettingController.swift in Sources */ = {isa = PBXBuildFile; fileRef = FC61BEE629A9D9CA00C6384F /* VolumentSettingController.swift */; };
		FC61BEEB29AC4E5B00C6384F /* BatteryManager.swift in Sources */ = {isa = PBXBuildFile; fileRef = FC61BEEA29AC4E5B00C6384F /* BatteryManager.swift */; };
		FC66559A2D2CE98A00355CB8 /* VideoAssetsManager.swift in Sources */ = {isa = PBXBuildFile; fileRef = FC6655992D2CE98A00355CB8 /* VideoAssetsManager.swift */; };
		FC97ED8B29A4A0E400425AFB /* LikeeWallPaperApp.swift in Sources */ = {isa = PBXBuildFile; fileRef = FC97ED8A29A4A0E400425AFB /* LikeeWallPaperApp.swift */; };
		FC97ED8D29A4A0E400425AFB /* ContentView.swift in Sources */ = {isa = PBXBuildFile; fileRef = FC97ED8C29A4A0E400425AFB /* ContentView.swift */; };
		FC97ED8F29A4A0E600425AFB /* Assets.xcassets in Resources */ = {isa = PBXBuildFile; fileRef = FC97ED8E29A4A0E600425AFB /* Assets.xcassets */; };
		FC97ED9229A4A0E600425AFB /* Preview Assets.xcassets in Resources */ = {isa = PBXBuildFile; fileRef = FC97ED9129A4A0E600425AFB /* Preview Assets.xcassets */; };
		FC97EDB629A4A1B100425AFB /* PaperPlayerController.swift in Sources */ = {isa = PBXBuildFile; fileRef = FC97EDB529A4A1B100425AFB /* PaperPlayerController.swift */; };
		FC97EDB829A4A1C200425AFB /* PaperPlayerView.swift in Sources */ = {isa = PBXBuildFile; fileRef = FC97EDB729A4A1C200425AFB /* PaperPlayerView.swift */; };
		FC97EDBA29A5F49E00425AFB /* DesktopWindow.swift in Sources */ = {isa = PBXBuildFile; fileRef = FC97EDB929A5F49E00425AFB /* DesktopWindow.swift */; };
		FC97EDBC29A5F66200425AFB /* Utilities.swift in Sources */ = {isa = PBXBuildFile; fileRef = FC97EDBB29A5F66200425AFB /* Utilities.swift */; };
		FC97EDBE29A5F7ED00425AFB /* AppState.swift in Sources */ = {isa = PBXBuildFile; fileRef = FC97EDBD29A5F7ED00425AFB /* AppState.swift */; };
		FC97EDC729A60AD800425AFB /* Menus.swift in Sources */ = {isa = PBXBuildFile; fileRef = FC97EDC629A60AD800425AFB /* Menus.swift */; };
		FC97EDC929A7466000425AFB /* UserSetting.swift in Sources */ = {isa = PBXBuildFile; fileRef = FC97EDC829A7466000425AFB /* UserSetting.swift */; };
		FC97EDCC29A748B000425AFB /* Defaults in Frameworks */ = {isa = PBXBuildFile; productRef = FC97EDCB29A748B000425AFB /* Defaults */; };
		FC97EDCE29A7561400425AFB /* PaperManager.swift in Sources */ = {isa = PBXBuildFile; fileRef = FC97EDCD29A7561400425AFB /* PaperManager.swift */; };
		FC97EDD029A75DDD00425AFB /* UserSettingView.swift in Sources */ = {isa = PBXBuildFile; fileRef = FC97EDCF29A75DDD00425AFB /* UserSettingView.swift */; };
		FC97EDD229A77C7D00425AFB /* PaperSettingView.swift in Sources */ = {isa = PBXBuildFile; fileRef = FC97EDD129A77C7D00425AFB /* PaperSettingView.swift */; };
		FC97EDD429A7981700425AFB /* EventManager.swift in Sources */ = {isa = PBXBuildFile; fileRef = FC97EDD329A7981700425AFB /* EventManager.swift */; };
		FCA8722A2D2F85E9003165D5 /* AsyncImageView.swift in Sources */ = {isa = PBXBuildFile; fileRef = FCA872292D2F85E9003165D5 /* AsyncImageView.swift */; };
		FCA8724C2D2FB4B0003165D5 /* TagManager.swift in Sources */ = {isa = PBXBuildFile; fileRef = FCA8724B2D2FB4AD003165D5 /* TagManager.swift */; };
		FCA873912D30F3E6003165D5 /* PlayListSettingView.swift in Sources */ = {isa = PBXBuildFile; fileRef = FCA873902D30F3DA003165D5 /* PlayListSettingView.swift */; };
		FCA873932D31084D003165D5 /* PlayListManager.swift in Sources */ = {isa = PBXBuildFile; fileRef = FCA873922D31084D003165D5 /* PlayListManager.swift */; };
		FCA874D52D34F930003165D5 /* PlayListRightView.swift in Sources */ = {isa = PBXBuildFile; fileRef = FCA874D42D34F930003165D5 /* PlayListRightView.swift */; };
		FCA874D72D34FE33003165D5 /* PlaybackMode.swift in Sources */ = {isa = PBXBuildFile; fileRef = FCA874D62D34FE33003165D5 /* PlaybackMode.swift */; };
		FCA874D92D35009E003165D5 /* ScreenInfo.swift in Sources */ = {isa = PBXBuildFile; fileRef = FCA874D82D35009E003165D5 /* ScreenInfo.swift */; };
		FCA874DD2D3637A2003165D5 /* TimerManager.swift in Sources */ = {isa = PBXBuildFile; fileRef = FCA874DC2D3637A2003165D5 /* TimerManager.swift */; };
		FCA8761F2D37A2F9003165D5 /* Alert.swift in Sources */ = {isa = PBXBuildFile; fileRef = FCA8761E2D37A2F5003165D5 /* Alert.swift */; };
		FCA8772E2D39E86D003165D5 /* DisplayMonitorObserver.swift in Sources */ = {isa = PBXBuildFile; fileRef = FCA8772D2D39E85C003165D5 /* DisplayMonitorObserver.swift */; };
		FCD9C1F02D3F4C0400350FA0 /* PhilosophicalQuotes.swift in Sources */ = {isa = PBXBuildFile; fileRef = FCD9C1EF2D3F4C0200350FA0 /* PhilosophicalQuotes.swift */; };
		FCD9C2282D3F549C00350FA0 /* 动物-鸟-食物-Ranndp.mp4 in Resources */ = {isa = PBXBuildFile; fileRef = FCD9C21B2D3F549C00350FA0 /* 动物-鸟-食物-Ranndp.mp4 */; };
		FCD9C2292D3F549C00350FA0 /* 动物-猫-宠物-Raneud.mp4 in Resources */ = {isa = PBXBuildFile; fileRef = FCD9C21A2D3F549C00350FA0 /* 动物-猫-宠物-Raneud.mp4 */; };
		FCD9C22A2D3F549C00350FA0 /* 雨-风暴-湿滑-Ranqpj.mp4 in Resources */ = {isa = PBXBuildFile; fileRef = FCD9C2252D3F549C00350FA0 /* 雨-风暴-湿滑-Ranqpj.mp4 */; };
		FCD9C22B2D3F549C00350FA0 /* 猫-花园-动物-Rankvk.mp4 in Resources */ = {isa = PBXBuildFile; fileRef = FCD9C2222D3F549C00350FA0 /* 猫-花园-动物-Rankvk.mp4 */; };
		FCD9C22C2D3F549C00350FA0 /* 海滩-海洋-日落-Ranilc.mp4 in Resources */ = {isa = PBXBuildFile; fileRef = FCD9C2212D3F549C00350FA0 /* 海滩-海洋-日落-Ranilc.mp4 */; };
		FCD9C22D2D3F549C00350FA0 /* 海浪-海岸-风暴-Ranule.mp4 in Resources */ = {isa = PBXBuildFile; fileRef = FCD9C21E2D3F549C00350FA0 /* 海浪-海岸-风暴-Ranule.mp4 */; };
		FCD9C22E2D3F549C00350FA0 /* 雪-森林-自然-Ranjdv.mp4 in Resources */ = {isa = PBXBuildFile; fileRef = FCD9C2262D3F549C00350FA0 /* 雪-森林-自然-Ranjdv.mp4 */; };
		FCD9C22F2D3F549C00350FA0 /* 冬天-雪-森林-Ranhqv.mp4 in Resources */ = {isa = PBXBuildFile; fileRef = FCD9C2182D3F549C00350FA0 /* 冬天-雪-森林-Ranhqv.mp4 */; };
		FCD9C2302D3F549C00350FA0 /* 雨-街道-雨滴-Ranxdg.mp4 in Resources */ = {isa = PBXBuildFile; fileRef = FCD9C2242D3F549C00350FA0 /* 雨-街道-雨滴-Ranxdg.mp4 */; };
		FCD9C2312D3F549C00350FA0 /* 森林-雾-山脉-Ranusi.mp4 in Resources */ = {isa = PBXBuildFile; fileRef = FCD9C21D2D3F549C00350FA0 /* 森林-雾-山脉-Ranusi.mp4 */; };
		FCD9C2322D3F549C00350FA0 /* 宠物-猫-动物-Ranabm.mp4 in Resources */ = {isa = PBXBuildFile; fileRef = FCD9C21C2D3F549C00350FA0 /* 宠物-猫-动物-Ranabm.mp4 */; };
		FCD9C2332D3F549C00350FA0 /* 海滩-夏天-海洋-Ranwwz.mp4 in Resources */ = {isa = PBXBuildFile; fileRef = FCD9C2202D3F549C00350FA0 /* 海滩-夏天-海洋-Ranwwz.mp4 */; };
		FCD9C2342D3F549C00350FA0 /* 冬天-森林-雪-Rankux.mp4 in Resources */ = {isa = PBXBuildFile; fileRef = FCD9C2162D3F549C00350FA0 /* 冬天-森林-雪-Rankux.mp4 */; };
		FCD9C2352D3F549C00350FA0 /* 冬天-雪-树木-Ranlgs.mp4 in Resources */ = {isa = PBXBuildFile; fileRef = FCD9C2172D3F549C00350FA0 /* 冬天-雪-树木-Ranlgs.mp4 */; };
		FCD9C2362D3F549C00350FA0 /* 秋天-森林-树木-Ranyyp.mp4 in Resources */ = {isa = PBXBuildFile; fileRef = FCD9C2232D3F549C00350FA0 /* 秋天-森林-树木-Ranyyp.mp4 */; };
		FCD9C2372D3F549C00350FA0 /* 海浪-海洋-水花-Ranuvb.mp4 in Resources */ = {isa = PBXBuildFile; fileRef = FCD9C21F2D3F549C00350FA0 /* 海浪-海洋-水花-Ranuvb.mp4 */; };
		FCD9C2382D3F549C00350FA0 /* 动物-猫-宠物-Ranbqi.mp4 in Resources */ = {isa = PBXBuildFile; fileRef = FCD9C2192D3F549C00350FA0 /* 动物-猫-宠物-Ranbqi.mp4 */; };
		FCD9C23A2D3F54D300350FA0 /* videos.bundle in Resources */ = {isa = PBXBuildFile; fileRef = FCD9C2392D3F54D300350FA0 /* videos.bundle */; };
		FCD9C23C2D3F748300350FA0 /* Helper.swift in Sources */ = {isa = PBXBuildFile; fileRef = FCD9C23B2D3F747B00350FA0 /* Helper.swift */; };
		FCDA43032D2B862B001B03D9 /* BatteryDisplayManager.swift in Sources */ = {isa = PBXBuildFile; fileRef = FCDA43022D2B862B001B03D9 /* BatteryDisplayManager.swift */; };
		FCDA43052D2BB0FC001B03D9 /* Theme.swift in Sources */ = {isa = PBXBuildFile; fileRef = FCDA43042D2BB0FC001B03D9 /* Theme.swift */; };
		FCDA43072D2BCF8A001B03D9 /* FileBookmarkManager.swift in Sources */ = {isa = PBXBuildFile; fileRef = FCDA43062D2BCF8A001B03D9 /* FileBookmarkManager.swift */; };
		FCE6E2322D3CC4E3006F7471 /* HelperToolManager.swift in Sources */ = {isa = PBXBuildFile; fileRef = FCE6E2312D3CC4DB006F7471 /* HelperToolManager.swift */; };
		FCFBFD0C2D3B48990052C815 /* DocumentManager.swift in Sources */ = {isa = PBXBuildFile; fileRef = FCFBFD0B2D3B48990052C815 /* DocumentManager.swift */; };
/* End PBXBuildFile section */

/* Begin PBXContainerItemProxy section */
		FC97ED9929A4A0E600425AFB /* PBXContainerItemProxy */ = {
			isa = PBXContainerItemProxy;
			containerPortal = FC97ED7F29A4A0E400425AFB /* Project object */;
			proxyType = 1;
			remoteGlobalIDString = FC97ED8629A4A0E400425AFB;
			remoteInfo = LikeeWallPaper;
		};
		FC97EDA329A4A0E700425AFB /* PBXContainerItemProxy */ = {
			isa = PBXContainerItemProxy;
			containerPortal = FC97ED7F29A4A0E400425AFB /* Project object */;
			proxyType = 1;
			remoteGlobalIDString = FC97ED8629A4A0E400425AFB;
			remoteInfo = LikeeWallPaper;
		};
/* End PBXContainerItemProxy section */

/* Begin PBXFileReference section */
		FC0254702D2B6C73008995FE /* PaperSettingRightView.swift */ = {isa = PBXFileReference; lastKnownFileType = sourcecode.swift; path = PaperSettingRightView.swift; sourceTree = "<group>"; };
		FC61BEE429A9D95C00C6384F /* VolumeSettingView.swift */ = {isa = PBXFileReference; lastKnownFileType = sourcecode.swift; path = VolumeSettingView.swift; sourceTree = "<group>"; };
		FC61BEE629A9D9CA00C6384F /* VolumentSettingController.swift */ = {isa = PBXFileReference; lastKnownFileType = sourcecode.swift; path = VolumentSettingController.swift; sourceTree = "<group>"; };
		FC61BEEA29AC4E5B00C6384F /* BatteryManager.swift */ = {isa = PBXFileReference; lastKnownFileType = sourcecode.swift; path = BatteryManager.swift; sourceTree = "<group>"; };
		FC6655992D2CE98A00355CB8 /* VideoAssetsManager.swift */ = {isa = PBXFileReference; lastKnownFileType = sourcecode.swift; name = VideoAssetsManager.swift; path = LikeeWallPaper/manager/VideoAssetsManager.swift; sourceTree = SOURCE_ROOT; };
		FC97ED8729A4A0E400425AFB /* LivePaper.app */ = {isa = PBXFileReference; explicitFileType = wrapper.application; includeInIndex = 0; path = LivePaper.app; sourceTree = BUILT_PRODUCTS_DIR; };
		FC97ED8A29A4A0E400425AFB /* LikeeWallPaperApp.swift */ = {isa = PBXFileReference; lastKnownFileType = sourcecode.swift; path = LikeeWallPaperApp.swift; sourceTree = "<group>"; };
		FC97ED8C29A4A0E400425AFB /* ContentView.swift */ = {isa = PBXFileReference; lastKnownFileType = sourcecode.swift; path = ContentView.swift; sourceTree = "<group>"; };
		FC97ED8E29A4A0E600425AFB /* Assets.xcassets */ = {isa = PBXFileReference; lastKnownFileType = folder.assetcatalog; path = Assets.xcassets; sourceTree = "<group>"; };
		FC97ED9129A4A0E600425AFB /* Preview Assets.xcassets */ = {isa = PBXFileReference; lastKnownFileType = folder.assetcatalog; path = "Preview Assets.xcassets"; sourceTree = "<group>"; };
		FC97ED9329A4A0E600425AFB /* LikeeWallPaper.entitlements */ = {isa = PBXFileReference; lastKnownFileType = text.plist.entitlements; path = LikeeWallPaper.entitlements; sourceTree = "<group>"; };
		FC97ED9829A4A0E600425AFB /* LikeeWallPaperTests.xctest */ = {isa = PBXFileReference; explicitFileType = wrapper.cfbundle; includeInIndex = 0; path = LikeeWallPaperTests.xctest; sourceTree = BUILT_PRODUCTS_DIR; };
		FC97EDA229A4A0E700425AFB /* LikeeWallPaperUITests.xctest */ = {isa = PBXFileReference; explicitFileType = wrapper.cfbundle; includeInIndex = 0; path = LikeeWallPaperUITests.xctest; sourceTree = BUILT_PRODUCTS_DIR; };
		FC97EDB529A4A1B100425AFB /* PaperPlayerController.swift */ = {isa = PBXFileReference; lastKnownFileType = sourcecode.swift; path = PaperPlayerController.swift; sourceTree = "<group>"; };
		FC97EDB729A4A1C200425AFB /* PaperPlayerView.swift */ = {isa = PBXFileReference; lastKnownFileType = sourcecode.swift; path = PaperPlayerView.swift; sourceTree = "<group>"; };
		FC97EDB929A5F49E00425AFB /* DesktopWindow.swift */ = {isa = PBXFileReference; lastKnownFileType = sourcecode.swift; path = DesktopWindow.swift; sourceTree = "<group>"; };
		FC97EDBB29A5F66200425AFB /* Utilities.swift */ = {isa = PBXFileReference; lastKnownFileType = sourcecode.swift; path = Utilities.swift; sourceTree = "<group>"; };
		FC97EDBD29A5F7ED00425AFB /* AppState.swift */ = {isa = PBXFileReference; lastKnownFileType = sourcecode.swift; path = AppState.swift; sourceTree = "<group>"; };
		FC97EDC629A60AD800425AFB /* Menus.swift */ = {isa = PBXFileReference; fileEncoding = 4; lastKnownFileType = sourcecode.swift; path = Menus.swift; sourceTree = "<group>"; };
		FC97EDC829A7466000425AFB /* UserSetting.swift */ = {isa = PBXFileReference; lastKnownFileType = sourcecode.swift; path = UserSetting.swift; sourceTree = "<group>"; };
		FC97EDCD29A7561400425AFB /* PaperManager.swift */ = {isa = PBXFileReference; lastKnownFileType = sourcecode.swift; path = PaperManager.swift; sourceTree = "<group>"; };
		FC97EDCF29A75DDD00425AFB /* UserSettingView.swift */ = {isa = PBXFileReference; lastKnownFileType = sourcecode.swift; path = UserSettingView.swift; sourceTree = "<group>"; };
		FC97EDD129A77C7D00425AFB /* PaperSettingView.swift */ = {isa = PBXFileReference; lastKnownFileType = sourcecode.swift; path = PaperSettingView.swift; sourceTree = "<group>"; };
		FC97EDD329A7981700425AFB /* EventManager.swift */ = {isa = PBXFileReference; lastKnownFileType = sourcecode.swift; path = EventManager.swift; sourceTree = "<group>"; };
		FC97FC452CBCCEC00032C598 /* setting.swift */ = {isa = PBXFileReference; lastKnownFileType = sourcecode.swift; path = setting.swift; sourceTree = "<group>"; };
		FCA872292D2F85E9003165D5 /* AsyncImageView.swift */ = {isa = PBXFileReference; lastKnownFileType = sourcecode.swift; path = AsyncImageView.swift; sourceTree = "<group>"; };
		FCA8724B2D2FB4AD003165D5 /* TagManager.swift */ = {isa = PBXFileReference; lastKnownFileType = sourcecode.swift; path = TagManager.swift; sourceTree = "<group>"; };
		FCA873902D30F3DA003165D5 /* PlayListSettingView.swift */ = {isa = PBXFileReference; lastKnownFileType = sourcecode.swift; path = PlayListSettingView.swift; sourceTree = "<group>"; };
		FCA873922D31084D003165D5 /* PlayListManager.swift */ = {isa = PBXFileReference; lastKnownFileType = sourcecode.swift; path = PlayListManager.swift; sourceTree = "<group>"; };
		FCA874D42D34F930003165D5 /* PlayListRightView.swift */ = {isa = PBXFileReference; lastKnownFileType = sourcecode.swift; path = PlayListRightView.swift; sourceTree = "<group>"; };
		FCA874D62D34FE33003165D5 /* PlaybackMode.swift */ = {isa = PBXFileReference; lastKnownFileType = sourcecode.swift; path = PlaybackMode.swift; sourceTree = "<group>"; };
		FCA874D82D35009E003165D5 /* ScreenInfo.swift */ = {isa = PBXFileReference; lastKnownFileType = sourcecode.swift; path = ScreenInfo.swift; sourceTree = "<group>"; };
		FCA874DC2D3637A2003165D5 /* TimerManager.swift */ = {isa = PBXFileReference; lastKnownFileType = sourcecode.swift; path = TimerManager.swift; sourceTree = "<group>"; };
		FCA8761E2D37A2F5003165D5 /* Alert.swift */ = {isa = PBXFileReference; lastKnownFileType = sourcecode.swift; path = Alert.swift; sourceTree = "<group>"; };
		FCA8772D2D39E85C003165D5 /* DisplayMonitorObserver.swift */ = {isa = PBXFileReference; lastKnownFileType = sourcecode.swift; path = DisplayMonitorObserver.swift; sourceTree = "<group>"; };
		FCAC18502D6D8A4E000AEFA8 /* LikeeWallPaperRelease.entitlements */ = {isa = PBXFileReference; lastKnownFileType = text.plist.entitlements; path = LikeeWallPaperRelease.entitlements; sourceTree = "<group>"; };
		FCD9C1EF2D3F4C0200350FA0 /* PhilosophicalQuotes.swift */ = {isa = PBXFileReference; lastKnownFileType = sourcecode.swift; path = PhilosophicalQuotes.swift; sourceTree = "<group>"; };
		FCD9C2162D3F549C00350FA0 /* 冬天-森林-雪-Rankux.mp4 */ = {isa = PBXFileReference; lastKnownFileType = file; path = "冬天-森林-雪-Rankux.mp4"; sourceTree = "<group>"; };
		FCD9C2172D3F549C00350FA0 /* 冬天-雪-树木-Ranlgs.mp4 */ = {isa = PBXFileReference; lastKnownFileType = file; path = "冬天-雪-树木-Ranlgs.mp4"; sourceTree = "<group>"; };
		FCD9C2182D3F549C00350FA0 /* 冬天-雪-森林-Ranhqv.mp4 */ = {isa = PBXFileReference; lastKnownFileType = file; path = "冬天-雪-森林-Ranhqv.mp4"; sourceTree = "<group>"; };
		FCD9C2192D3F549C00350FA0 /* 动物-猫-宠物-Ranbqi.mp4 */ = {isa = PBXFileReference; lastKnownFileType = file; path = "动物-猫-宠物-Ranbqi.mp4"; sourceTree = "<group>"; };
		FCD9C21A2D3F549C00350FA0 /* 动物-猫-宠物-Raneud.mp4 */ = {isa = PBXFileReference; lastKnownFileType = file; path = "动物-猫-宠物-Raneud.mp4"; sourceTree = "<group>"; };
		FCD9C21B2D3F549C00350FA0 /* 动物-鸟-食物-Ranndp.mp4 */ = {isa = PBXFileReference; lastKnownFileType = file; path = "动物-鸟-食物-Ranndp.mp4"; sourceTree = "<group>"; };
		FCD9C21C2D3F549C00350FA0 /* 宠物-猫-动物-Ranabm.mp4 */ = {isa = PBXFileReference; lastKnownFileType = file; path = "宠物-猫-动物-Ranabm.mp4"; sourceTree = "<group>"; };
		FCD9C21D2D3F549C00350FA0 /* 森林-雾-山脉-Ranusi.mp4 */ = {isa = PBXFileReference; lastKnownFileType = file; path = "森林-雾-山脉-Ranusi.mp4"; sourceTree = "<group>"; };
		FCD9C21E2D3F549C00350FA0 /* 海浪-海岸-风暴-Ranule.mp4 */ = {isa = PBXFileReference; lastKnownFileType = file; path = "海浪-海岸-风暴-Ranule.mp4"; sourceTree = "<group>"; };
		FCD9C21F2D3F549C00350FA0 /* 海浪-海洋-水花-Ranuvb.mp4 */ = {isa = PBXFileReference; lastKnownFileType = file; path = "海浪-海洋-水花-Ranuvb.mp4"; sourceTree = "<group>"; };
		FCD9C2202D3F549C00350FA0 /* 海滩-夏天-海洋-Ranwwz.mp4 */ = {isa = PBXFileReference; lastKnownFileType = file; path = "海滩-夏天-海洋-Ranwwz.mp4"; sourceTree = "<group>"; };
		FCD9C2212D3F549C00350FA0 /* 海滩-海洋-日落-Ranilc.mp4 */ = {isa = PBXFileReference; lastKnownFileType = file; path = "海滩-海洋-日落-Ranilc.mp4"; sourceTree = "<group>"; };
		FCD9C2222D3F549C00350FA0 /* 猫-花园-动物-Rankvk.mp4 */ = {isa = PBXFileReference; lastKnownFileType = file; path = "猫-花园-动物-Rankvk.mp4"; sourceTree = "<group>"; };
		FCD9C2232D3F549C00350FA0 /* 秋天-森林-树木-Ranyyp.mp4 */ = {isa = PBXFileReference; lastKnownFileType = file; path = "秋天-森林-树木-Ranyyp.mp4"; sourceTree = "<group>"; };
		FCD9C2242D3F549C00350FA0 /* 雨-街道-雨滴-Ranxdg.mp4 */ = {isa = PBXFileReference; lastKnownFileType = file; path = "雨-街道-雨滴-Ranxdg.mp4"; sourceTree = "<group>"; };
		FCD9C2252D3F549C00350FA0 /* 雨-风暴-湿滑-Ranqpj.mp4 */ = {isa = PBXFileReference; lastKnownFileType = file; path = "雨-风暴-湿滑-Ranqpj.mp4"; sourceTree = "<group>"; };
		FCD9C2262D3F549C00350FA0 /* 雪-森林-自然-Ranjdv.mp4 */ = {isa = PBXFileReference; lastKnownFileType = file; path = "雪-森林-自然-Ranjdv.mp4"; sourceTree = "<group>"; };
		FCD9C2392D3F54D300350FA0 /* videos.bundle */ = {isa = PBXFileReference; lastKnownFileType = "wrapper.plug-in"; path = videos.bundle; sourceTree = "<group>"; };
		FCD9C23B2D3F747B00350FA0 /* Helper.swift */ = {isa = PBXFileReference; lastKnownFileType = sourcecode.swift; path = Helper.swift; sourceTree = "<group>"; };
		FCDA43022D2B862B001B03D9 /* BatteryDisplayManager.swift */ = {isa = PBXFileReference; lastKnownFileType = sourcecode.swift; path = BatteryDisplayManager.swift; sourceTree = "<group>"; };
		FCDA43042D2BB0FC001B03D9 /* Theme.swift */ = {isa = PBXFileReference; lastKnownFileType = sourcecode.swift; path = Theme.swift; sourceTree = "<group>"; };
		FCDA43062D2BCF8A001B03D9 /* FileBookmarkManager.swift */ = {isa = PBXFileReference; lastKnownFileType = sourcecode.swift; path = FileBookmarkManager.swift; sourceTree = "<group>"; };
		FCE6E2062D3CC25F006F7471 /* LivePaperHelper.app */ = {isa = PBXFileReference; explicitFileType = wrapper.application; includeInIndex = 0; path = LivePaperHelper.app; sourceTree = BUILT_PRODUCTS_DIR; };
		FCE6E2312D3CC4DB006F7471 /* HelperToolManager.swift */ = {isa = PBXFileReference; lastKnownFileType = sourcecode.swift; path = HelperToolManager.swift; sourceTree = "<group>"; };
		FCFB5C882D3D207200839F60 /* videos.bundle */ = {isa = PBXFileReference; explicitFileType = wrapper.cfbundle; includeInIndex = 0; path = videos.bundle; sourceTree = BUILT_PRODUCTS_DIR; };
		FCFBFD0A2D3B46630052C815 /* Info.plist */ = {isa = PBXFileReference; lastKnownFileType = text.plist; path = Info.plist; sourceTree = "<group>"; };
		FCFBFD0B2D3B48990052C815 /* DocumentManager.swift */ = {isa = PBXFileReference; lastKnownFileType = sourcecode.swift; path = DocumentManager.swift; sourceTree = "<group>"; };
/* End PBXFileReference section */

/* Begin PBXFileSystemSynchronizedBuildFileExceptionSet section */
		FCE6E2342D3CC99A006F7471 /* PBXFileSystemSynchronizedBuildFileExceptionSet */ = {
			isa = PBXFileSystemSynchronizedBuildFileExceptionSet;
			membershipExceptions = (
				Info.plist,
			);
			target = FCE6E2052D3CC25F006F7471 /* LikeeWallPaperHelper */;
		};
/* End PBXFileSystemSynchronizedBuildFileExceptionSet section */

/* Begin PBXFileSystemSynchronizedRootGroup section */
		FCD9C23D2D3F91CE00350FA0 /* assets */ = {isa = PBXFileSystemSynchronizedRootGroup; explicitFileTypes = {}; explicitFolders = (); path = assets; sourceTree = "<group>"; };
		FCE6E2072D3CC25F006F7471 /* LikeeWallPaperHelper */ = {isa = PBXFileSystemSynchronizedRootGroup; exceptions = (FCE6E2342D3CC99A006F7471 /* PBXFileSystemSynchronizedBuildFileExceptionSet */, ); explicitFileTypes = {}; explicitFolders = (); path = LikeeWallPaperHelper; sourceTree = "<group>"; };
/* End PBXFileSystemSynchronizedRootGroup section */

/* Begin PBXFrameworksBuildPhase section */
		FC97ED8429A4A0E400425AFB /* Frameworks */ = {
			isa = PBXFrameworksBuildPhase;
			buildActionMask = 2147483647;
			files = (
				FC97EDCC29A748B000425AFB /* Defaults in Frameworks */,
			);
			runOnlyForDeploymentPostprocessing = 0;
		};
		FC97ED9529A4A0E600425AFB /* Frameworks */ = {
			isa = PBXFrameworksBuildPhase;
			buildActionMask = 2147483647;
			files = (
			);
			runOnlyForDeploymentPostprocessing = 0;
		};
		FC97ED9F29A4A0E700425AFB /* Frameworks */ = {
			isa = PBXFrameworksBuildPhase;
			buildActionMask = 2147483647;
			files = (
			);
			runOnlyForDeploymentPostprocessing = 0;
		};
		FCE6E2032D3CC25F006F7471 /* Frameworks */ = {
			isa = PBXFrameworksBuildPhase;
			buildActionMask = 2147483647;
			files = (
			);
			runOnlyForDeploymentPostprocessing = 0;
		};
		FCFB5C852D3D207200839F60 /* Frameworks */ = {
			isa = PBXFrameworksBuildPhase;
			buildActionMask = 2147483647;
			files = (
			);
			runOnlyForDeploymentPostprocessing = 0;
		};
/* End PBXFrameworksBuildPhase section */

/* Begin PBXGroup section */
		FC02546F2D2B6B50008995FE /* model */ = {
			isa = PBXGroup;
			children = (
				FCD9C1EF2D3F4C0200350FA0 /* PhilosophicalQuotes.swift */,
				FCA8772D2D39E85C003165D5 /* DisplayMonitorObserver.swift */,
				FCDA43042D2BB0FC001B03D9 /* Theme.swift */,
				FCA874D62D34FE33003165D5 /* PlaybackMode.swift */,
			);
			path = model;
			sourceTree = "<group>";
		};
		FC5EECD82D0BD4CE00B4F8AA /* view */ = {
			isa = PBXGroup;
			children = (
				FCD9C23B2D3F747B00350FA0 /* Helper.swift */,
				FCA8761E2D37A2F5003165D5 /* Alert.swift */,
				FCA873902D30F3DA003165D5 /* PlayListSettingView.swift */,
				FC0254702D2B6C73008995FE /* PaperSettingRightView.swift */,
				FC97EDD129A77C7D00425AFB /* PaperSettingView.swift */,
				FC97EDCF29A75DDD00425AFB /* UserSettingView.swift */,
				FC97EDB729A4A1C200425AFB /* PaperPlayerView.swift */,
				FC61BEE429A9D95C00C6384F /* VolumeSettingView.swift */,
				FC97EDC629A60AD800425AFB /* Menus.swift */,
				FCA872292D2F85E9003165D5 /* AsyncImageView.swift */,
				FCA874D42D34F930003165D5 /* PlayListRightView.swift */,
			);
			path = view;
			sourceTree = "<group>";
		};
		FC5EECD92D0BD50000B4F8AA /* controller */ = {
			isa = PBXGroup;
			children = (
				FC97EDB529A4A1B100425AFB /* PaperPlayerController.swift */,
				FC61BEE629A9D9CA00C6384F /* VolumentSettingController.swift */,
			);
			path = controller;
			sourceTree = "<group>";
		};
		FC5EECDA2D0BD51900B4F8AA /* tools */ = {
			isa = PBXGroup;
			children = (
				FC97EDBB29A5F66200425AFB /* Utilities.swift */,
				FCA874D82D35009E003165D5 /* ScreenInfo.swift */,
			);
			path = tools;
			sourceTree = "<group>";
		};
		FC5EECDB2D0BD56300B4F8AA /* manager */ = {
			isa = PBXGroup;
			children = (
				FCE6E2312D3CC4DB006F7471 /* HelperToolManager.swift */,
				FCDA43062D2BCF8A001B03D9 /* FileBookmarkManager.swift */,
				FCA8724B2D2FB4AD003165D5 /* TagManager.swift */,
				FC6655992D2CE98A00355CB8 /* VideoAssetsManager.swift */,
				FC97EDCD29A7561400425AFB /* PaperManager.swift */,
				FC97EDD329A7981700425AFB /* EventManager.swift */,
				FC61BEEA29AC4E5B00C6384F /* BatteryManager.swift */,
				FCDA43022D2B862B001B03D9 /* BatteryDisplayManager.swift */,
				FCA873922D31084D003165D5 /* PlayListManager.swift */,
				FCA874DC2D3637A2003165D5 /* TimerManager.swift */,
				FCFBFD0B2D3B48990052C815 /* DocumentManager.swift */,
			);
			path = manager;
			sourceTree = "<group>";
		};
		FC6655932D2CE87B00355CB8 /* Frameworks */ = {
			isa = PBXGroup;
			children = (
			);
			name = Frameworks;
			sourceTree = "<group>";
		};
		FC97ED7E29A4A0E400425AFB = {
			isa = PBXGroup;
			children = (
				FCD9C2392D3F54D300350FA0 /* videos.bundle */,
				FCD9C2272D3F549C00350FA0 /* videos 2 */,
				FC97ED8929A4A0E400425AFB /* LikeeWallPaper */,
				FCE6E2072D3CC25F006F7471 /* LikeeWallPaperHelper */,
				FC6655932D2CE87B00355CB8 /* Frameworks */,
				FC97ED8829A4A0E400425AFB /* Products */,
			);
			sourceTree = "<group>";
		};
		FC97ED8829A4A0E400425AFB /* Products */ = {
			isa = PBXGroup;
			children = (
				FC97ED8729A4A0E400425AFB /* LivePaper.app */,
				FC97ED9829A4A0E600425AFB /* LikeeWallPaperTests.xctest */,
				FC97EDA229A4A0E700425AFB /* LikeeWallPaperUITests.xctest */,
				FCE6E2062D3CC25F006F7471 /* LivePaperHelper.app */,
				FCFB5C882D3D207200839F60 /* videos.bundle */,
			);
			name = Products;
			sourceTree = "<group>";
		};
		FC97ED8929A4A0E400425AFB /* LikeeWallPaper */ = {
			isa = PBXGroup;
			children = (
				FCAC18502D6D8A4E000AEFA8 /* LikeeWallPaperRelease.entitlements */,
				FCD9C23D2D3F91CE00350FA0 /* assets */,
				FCFBFD0A2D3B46630052C815 /* Info.plist */,
				FC02546F2D2B6B50008995FE /* model */,
				FC5EECDB2D0BD56300B4F8AA /* manager */,
				FC5EECDA2D0BD51900B4F8AA /* tools */,
				FC5EECD92D0BD50000B4F8AA /* controller */,
				FC5EECD82D0BD4CE00B4F8AA /* view */,
				FC97FC442CBCCEAB0032C598 /* window */,
				FC97ED8A29A4A0E400425AFB /* LikeeWallPaperApp.swift */,
				FC97ED8C29A4A0E400425AFB /* ContentView.swift */,
				FC97ED8E29A4A0E600425AFB /* Assets.xcassets */,
				FC97ED9329A4A0E600425AFB /* LikeeWallPaper.entitlements */,
				FC97ED9029A4A0E600425AFB /* Preview Content */,
				FC97EDBD29A5F7ED00425AFB /* AppState.swift */,
				FC97EDC829A7466000425AFB /* UserSetting.swift */,
			);
			path = LikeeWallPaper;
			sourceTree = "<group>";
		};
		FC97ED9029A4A0E600425AFB /* Preview Content */ = {
			isa = PBXGroup;
			children = (
				FC97ED9129A4A0E600425AFB /* Preview Assets.xcassets */,
			);
			path = "Preview Content";
			sourceTree = "<group>";
		};
		FC97FC442CBCCEAB0032C598 /* window */ = {
			isa = PBXGroup;
			children = (
				FC97EDB929A5F49E00425AFB /* DesktopWindow.swift */,
				FC97FC452CBCCEC00032C598 /* setting.swift */,
			);
			path = window;
			sourceTree = "<group>";
		};
		FCD9C2272D3F549C00350FA0 /* videos 2 */ = {
			isa = PBXGroup;
			children = (
				FCD9C2162D3F549C00350FA0 /* 冬天-森林-雪-Rankux.mp4 */,
				FCD9C2172D3F549C00350FA0 /* 冬天-雪-树木-Ranlgs.mp4 */,
				FCD9C2182D3F549C00350FA0 /* 冬天-雪-森林-Ranhqv.mp4 */,
				FCD9C2192D3F549C00350FA0 /* 动物-猫-宠物-Ranbqi.mp4 */,
				FCD9C21A2D3F549C00350FA0 /* 动物-猫-宠物-Raneud.mp4 */,
				FCD9C21B2D3F549C00350FA0 /* 动物-鸟-食物-Ranndp.mp4 */,
				FCD9C21C2D3F549C00350FA0 /* 宠物-猫-动物-Ranabm.mp4 */,
				FCD9C21D2D3F549C00350FA0 /* 森林-雾-山脉-Ranusi.mp4 */,
				FCD9C21E2D3F549C00350FA0 /* 海浪-海岸-风暴-Ranule.mp4 */,
				FCD9C21F2D3F549C00350FA0 /* 海浪-海洋-水花-Ranuvb.mp4 */,
				FCD9C2202D3F549C00350FA0 /* 海滩-夏天-海洋-Ranwwz.mp4 */,
				FCD9C2212D3F549C00350FA0 /* 海滩-海洋-日落-Ranilc.mp4 */,
				FCD9C2222D3F549C00350FA0 /* 猫-花园-动物-Rankvk.mp4 */,
				FCD9C2232D3F549C00350FA0 /* 秋天-森林-树木-Ranyyp.mp4 */,
				FCD9C2242D3F549C00350FA0 /* 雨-街道-雨滴-Ranxdg.mp4 */,
				FCD9C2252D3F549C00350FA0 /* 雨-风暴-湿滑-Ranqpj.mp4 */,
				FCD9C2262D3F549C00350FA0 /* 雪-森林-自然-Ranjdv.mp4 */,
			);
			path = "videos 2";
			sourceTree = "<group>";
		};
/* End PBXGroup section */

/* Begin PBXNativeTarget section */
		FC97ED8629A4A0E400425AFB /* LikeeWallPaper */ = {
			isa = PBXNativeTarget;
			buildConfigurationList = FC97EDAC29A4A0E700425AFB /* Build configuration list for PBXNativeTarget "LikeeWallPaper" */;
			buildPhases = (
				FC97ED8329A4A0E400425AFB /* Sources */,
				FC97ED8429A4A0E400425AFB /* Frameworks */,
				FC97ED8529A4A0E400425AFB /* Resources */,
			);
			buildRules = (
			);
			dependencies = (
			);
			fileSystemSynchronizedGroups = (
				FCD9C23D2D3F91CE00350FA0 /* assets */,
			);
			name = LikeeWallPaper;
			packageProductDependencies = (
				FC97EDCB29A748B000425AFB /* Defaults */,
			);
			productName = LikeeWallPaper;
			productReference = FC97ED8729A4A0E400425AFB /* LivePaper.app */;
			productType = "com.apple.product-type.application";
		};
		FC97ED9729A4A0E600425AFB /* LikeeWallPaperTests */ = {
			isa = PBXNativeTarget;
			buildConfigurationList = FC97EDAF29A4A0E700425AFB /* Build configuration list for PBXNativeTarget "LikeeWallPaperTests" */;
			buildPhases = (
				FC97ED9429A4A0E600425AFB /* Sources */,
				FC97ED9529A4A0E600425AFB /* Frameworks */,
				FC97ED9629A4A0E600425AFB /* Resources */,
			);
			buildRules = (
			);
			dependencies = (
				FC97ED9A29A4A0E600425AFB /* PBXTargetDependency */,
			);
			name = LikeeWallPaperTests;
			productName = LikeeWallPaperTests;
			productReference = FC97ED9829A4A0E600425AFB /* LikeeWallPaperTests.xctest */;
			productType = "com.apple.product-type.bundle.unit-test";
		};
		FC97EDA129A4A0E700425AFB /* LikeeWallPaperUITests */ = {
			isa = PBXNativeTarget;
			buildConfigurationList = FC97EDB229A4A0E700425AFB /* Build configuration list for PBXNativeTarget "LikeeWallPaperUITests" */;
			buildPhases = (
				FC97ED9E29A4A0E700425AFB /* Sources */,
				FC97ED9F29A4A0E700425AFB /* Frameworks */,
				FC97EDA029A4A0E700425AFB /* Resources */,
			);
			buildRules = (
			);
			dependencies = (
				FC97EDA429A4A0E700425AFB /* PBXTargetDependency */,
			);
			name = LikeeWallPaperUITests;
			productName = LikeeWallPaperUITests;
			productReference = FC97EDA229A4A0E700425AFB /* LikeeWallPaperUITests.xctest */;
			productType = "com.apple.product-type.bundle.ui-testing";
		};
		FCE6E2052D3CC25F006F7471 /* LikeeWallPaperHelper */ = {
			isa = PBXNativeTarget;
			buildConfigurationList = FCE6E22E2D3CC262006F7471 /* Build configuration list for PBXNativeTarget "LikeeWallPaperHelper" */;
			buildPhases = (
				FCE6E2022D3CC25F006F7471 /* Sources */,
				FCE6E2032D3CC25F006F7471 /* Frameworks */,
				FCE6E2042D3CC25F006F7471 /* Resources */,
			);
			buildRules = (
			);
			dependencies = (
			);
			fileSystemSynchronizedGroups = (
				FCE6E2072D3CC25F006F7471 /* LikeeWallPaperHelper */,
			);
			name = LikeeWallPaperHelper;
			packageProductDependencies = (
			);
			productName = LikeeWallPaperHelper;
			productReference = FCE6E2062D3CC25F006F7471 /* LivePaperHelper.app */;
			productType = "com.apple.product-type.application";
		};
		FCFB5C872D3D207200839F60 /* videos */ = {
			isa = PBXNativeTarget;
			buildConfigurationList = FCFB5C892D3D207200839F60 /* Build configuration list for PBXNativeTarget "videos" */;
			buildPhases = (
				FCFB5C842D3D207200839F60 /* Sources */,
				FCFB5C852D3D207200839F60 /* Frameworks */,
				FCFB5C862D3D207200839F60 /* Resources */,
			);
			buildRules = (
			);
			dependencies = (
			);
			name = videos;
			packageProductDependencies = (
			);
			productName = videos;
			productReference = FCFB5C882D3D207200839F60 /* videos.bundle */;
			productType = "com.apple.product-type.bundle";
		};
/* End PBXNativeTarget section */

/* Begin PBXProject section */
		FC97ED7F29A4A0E400425AFB /* Project object */ = {
			isa = PBXProject;
			attributes = {
				BuildIndependentTargetsInParallel = 1;
				LastSwiftUpdateCheck = 1620;
				LastUpgradeCheck = 1620;
				TargetAttributes = {
					FC97ED8629A4A0E400425AFB = {
						CreatedOnToolsVersion = 14.2;
					};
					FC97ED9729A4A0E600425AFB = {
						CreatedOnToolsVersion = 14.2;
						TestTargetID = FC97ED8629A4A0E400425AFB;
					};
					FC97EDA129A4A0E700425AFB = {
						CreatedOnToolsVersion = 14.2;
						TestTargetID = FC97ED8629A4A0E400425AFB;
					};
					FCE6E2052D3CC25F006F7471 = {
						CreatedOnToolsVersion = 16.2;
					};
					FCFB5C872D3D207200839F60 = {
						CreatedOnToolsVersion = 16.2;
					};
				};
			};
			buildConfigurationList = FC97ED8229A4A0E400425AFB /* Build configuration list for PBXProject "LikeeWallPaper" */;
			compatibilityVersion = "Xcode 14.0";
			developmentRegion = en;
			hasScannedForEncodings = 0;
			knownRegions = (
				en,
				Base,
			);
			mainGroup = FC97ED7E29A4A0E400425AFB;
			packageReferences = (
				FC97EDCA29A748B000425AFB /* XCRemoteSwiftPackageReference "Defaults" */,
			);
			productRefGroup = FC97ED8829A4A0E400425AFB /* Products */;
			projectDirPath = "";
			projectRoot = "";
			targets = (
				FC97ED8629A4A0E400425AFB /* LikeeWallPaper */,
				FC97ED9729A4A0E600425AFB /* LikeeWallPaperTests */,
				FC97EDA129A4A0E700425AFB /* LikeeWallPaperUITests */,
				FCE6E2052D3CC25F006F7471 /* LikeeWallPaperHelper */,
				FCFB5C872D3D207200839F60 /* videos */,
			);
		};
/* End PBXProject section */

/* Begin PBXResourcesBuildPhase section */
		FC97ED8529A4A0E400425AFB /* Resources */ = {
			isa = PBXResourcesBuildPhase;
			buildActionMask = 2147483647;
			files = (
				FC97ED9229A4A0E600425AFB /* Preview Assets.xcassets in Resources */,
				FCD9C23A2D3F54D300350FA0 /* videos.bundle in Resources */,
				FC97ED8F29A4A0E600425AFB /* Assets.xcassets in Resources */,
			);
			runOnlyForDeploymentPostprocessing = 0;
		};
		FC97ED9629A4A0E600425AFB /* Resources */ = {
			isa = PBXResourcesBuildPhase;
			buildActionMask = 2147483647;
			files = (
			);
			runOnlyForDeploymentPostprocessing = 0;
		};
		FC97EDA029A4A0E700425AFB /* Resources */ = {
			isa = PBXResourcesBuildPhase;
			buildActionMask = 2147483647;
			files = (
			);
			runOnlyForDeploymentPostprocessing = 0;
		};
		FCE6E2042D3CC25F006F7471 /* Resources */ = {
			isa = PBXResourcesBuildPhase;
			buildActionMask = 2147483647;
			files = (
			);
			runOnlyForDeploymentPostprocessing = 0;
		};
		FCFB5C862D3D207200839F60 /* Resources */ = {
			isa = PBXResourcesBuildPhase;
			buildActionMask = 2147483647;
			files = (
				FCD9C2282D3F549C00350FA0 /* 动物-鸟-食物-Ranndp.mp4 in Resources */,
				FCD9C2292D3F549C00350FA0 /* 动物-猫-宠物-Raneud.mp4 in Resources */,
				FCD9C22A2D3F549C00350FA0 /* 雨-风暴-湿滑-Ranqpj.mp4 in Resources */,
				FCD9C22B2D3F549C00350FA0 /* 猫-花园-动物-Rankvk.mp4 in Resources */,
				FCD9C22C2D3F549C00350FA0 /* 海滩-海洋-日落-Ranilc.mp4 in Resources */,
				FCD9C22D2D3F549C00350FA0 /* 海浪-海岸-风暴-Ranule.mp4 in Resources */,
				FCD9C22E2D3F549C00350FA0 /* 雪-森林-自然-Ranjdv.mp4 in Resources */,
				FCD9C22F2D3F549C00350FA0 /* 冬天-雪-森林-Ranhqv.mp4 in Resources */,
				FCD9C2302D3F549C00350FA0 /* 雨-街道-雨滴-Ranxdg.mp4 in Resources */,
				FCD9C2312D3F549C00350FA0 /* 森林-雾-山脉-Ranusi.mp4 in Resources */,
				FCD9C2322D3F549C00350FA0 /* 宠物-猫-动物-Ranabm.mp4 in Resources */,
				FCD9C2332D3F549C00350FA0 /* 海滩-夏天-海洋-Ranwwz.mp4 in Resources */,
				FCD9C2342D3F549C00350FA0 /* 冬天-森林-雪-Rankux.mp4 in Resources */,
				FCD9C2352D3F549C00350FA0 /* 冬天-雪-树木-Ranlgs.mp4 in Resources */,
				FCD9C2362D3F549C00350FA0 /* 秋天-森林-树木-Ranyyp.mp4 in Resources */,
				FCD9C2372D3F549C00350FA0 /* 海浪-海洋-水花-Ranuvb.mp4 in Resources */,
				FCD9C2382D3F549C00350FA0 /* 动物-猫-宠物-Ranbqi.mp4 in Resources */,
			);
			runOnlyForDeploymentPostprocessing = 0;
		};
/* End PBXResourcesBuildPhase section */

/* Begin PBXSourcesBuildPhase section */
		FC97ED8329A4A0E400425AFB /* Sources */ = {
			isa = PBXSourcesBuildPhase;
			buildActionMask = 2147483647;
			files = (
				FCA8724C2D2FB4B0003165D5 /* TagManager.swift in Sources */,
				FC97EDCE29A7561400425AFB /* PaperManager.swift in Sources */,
				FC61BEE529A9D95C00C6384F /* VolumeSettingView.swift in Sources */,
				FC97EDC929A7466000425AFB /* UserSetting.swift in Sources */,
				FC97EDBC29A5F66200425AFB /* Utilities.swift in Sources */,
				FC97ED8D29A4A0E400425AFB /* ContentView.swift in Sources */,
				FCA8722A2D2F85E9003165D5 /* AsyncImageView.swift in Sources */,
				FCDA43072D2BCF8A001B03D9 /* FileBookmarkManager.swift in Sources */,
				FC66559A2D2CE98A00355CB8 /* VideoAssetsManager.swift in Sources */,
				FC61BEEB29AC4E5B00C6384F /* BatteryManager.swift in Sources */,
				FCFBFD0C2D3B48990052C815 /* DocumentManager.swift in Sources */,
				FC61BEE829A9D9CA00C6384F /* VolumentSettingController.swift in Sources */,
				FCD9C1F02D3F4C0400350FA0 /* PhilosophicalQuotes.swift in Sources */,
				FCA873932D31084D003165D5 /* PlayListManager.swift in Sources */,
				FCE6E2322D3CC4E3006F7471 /* HelperToolManager.swift in Sources */,
				FCA874D72D34FE33003165D5 /* PlaybackMode.swift in Sources */,
				FC0254712D2B6C81008995FE /* PaperSettingRightView.swift in Sources */,
				FC97EDBE29A5F7ED00425AFB /* AppState.swift in Sources */,
				FCA874D92D35009E003165D5 /* ScreenInfo.swift in Sources */,
				FC97EDB829A4A1C200425AFB /* PaperPlayerView.swift in Sources */,
				FC97ED8B29A4A0E400425AFB /* LikeeWallPaperApp.swift in Sources */,
				FCA8761F2D37A2F9003165D5 /* Alert.swift in Sources */,
				FCD9C23C2D3F748300350FA0 /* Helper.swift in Sources */,
				FC97EDB629A4A1B100425AFB /* PaperPlayerController.swift in Sources */,
				FC97EDC729A60AD800425AFB /* Menus.swift in Sources */,
				FCA874DD2D3637A2003165D5 /* TimerManager.swift in Sources */,
				FCDA43052D2BB0FC001B03D9 /* Theme.swift in Sources */,
				FC97EDD029A75DDD00425AFB /* UserSettingView.swift in Sources */,
				FCDA43032D2B862B001B03D9 /* BatteryDisplayManager.swift in Sources */,
				FCA874D52D34F930003165D5 /* PlayListRightView.swift in Sources */,
				FC97EDD229A77C7D00425AFB /* PaperSettingView.swift in Sources */,
				FC97EDBA29A5F49E00425AFB /* DesktopWindow.swift in Sources */,
				FCA8772E2D39E86D003165D5 /* DisplayMonitorObserver.swift in Sources */,
				FC97EDD429A7981700425AFB /* EventManager.swift in Sources */,
				FCA873912D30F3E6003165D5 /* PlayListSettingView.swift in Sources */,
			);
			runOnlyForDeploymentPostprocessing = 0;
		};
		FC97ED9429A4A0E600425AFB /* Sources */ = {
			isa = PBXSourcesBuildPhase;
			buildActionMask = 2147483647;
			files = (
			);
			runOnlyForDeploymentPostprocessing = 0;
		};
		FC97ED9E29A4A0E700425AFB /* Sources */ = {
			isa = PBXSourcesBuildPhase;
			buildActionMask = 2147483647;
			files = (
			);
			runOnlyForDeploymentPostprocessing = 0;
		};
		FCE6E2022D3CC25F006F7471 /* Sources */ = {
			isa = PBXSourcesBuildPhase;
			buildActionMask = 2147483647;
			files = (
			);
			runOnlyForDeploymentPostprocessing = 0;
		};
		FCFB5C842D3D207200839F60 /* Sources */ = {
			isa = PBXSourcesBuildPhase;
			buildActionMask = 2147483647;
			files = (
			);
			runOnlyForDeploymentPostprocessing = 0;
		};
/* End PBXSourcesBuildPhase section */

/* Begin PBXTargetDependency section */
		FC97ED9A29A4A0E600425AFB /* PBXTargetDependency */ = {
			isa = PBXTargetDependency;
			target = FC97ED8629A4A0E400425AFB /* LikeeWallPaper */;
			targetProxy = FC97ED9929A4A0E600425AFB /* PBXContainerItemProxy */;
		};
		FC97EDA429A4A0E700425AFB /* PBXTargetDependency */ = {
			isa = PBXTargetDependency;
			target = FC97ED8629A4A0E400425AFB /* LikeeWallPaper */;
			targetProxy = FC97EDA329A4A0E700425AFB /* PBXContainerItemProxy */;
		};
/* End PBXTargetDependency section */

/* Begin XCBuildConfiguration section */
		FC97EDAA29A4A0E700425AFB /* Debug */ = {
			isa = XCBuildConfiguration;
			buildSettings = {
				ALWAYS_SEARCH_USER_PATHS = NO;
				CLANG_ANALYZER_NONNULL = YES;
				CLANG_ANALYZER_NUMBER_OBJECT_CONVERSION = YES_AGGRESSIVE;
				CLANG_CXX_LANGUAGE_STANDARD = "gnu++20";
				CLANG_ENABLE_MODULES = YES;
				CLANG_ENABLE_OBJC_ARC = YES;
				CLANG_ENABLE_OBJC_WEAK = YES;
				CLANG_WARN_BLOCK_CAPTURE_AUTORELEASING = YES;
				CLANG_WARN_BOOL_CONVERSION = YES;
				CLANG_WARN_COMMA = YES;
				CLANG_WARN_CONSTANT_CONVERSION = YES;
				CLANG_WARN_DEPRECATED_OBJC_IMPLEMENTATIONS = YES;
				CLANG_WARN_DIRECT_OBJC_ISA_USAGE = YES_ERROR;
				CLANG_WARN_DOCUMENTATION_COMMENTS = YES;
				CLANG_WARN_EMPTY_BODY = YES;
				CLANG_WARN_ENUM_CONVERSION = YES;
				CLANG_WARN_INFINITE_RECURSION = YES;
				CLANG_WARN_INT_CONVERSION = YES;
				CLANG_WARN_NON_LITERAL_NULL_CONVERSION = YES;
				CLANG_WARN_OBJC_IMPLICIT_RETAIN_SELF = YES;
				CLANG_WARN_OBJC_LITERAL_CONVERSION = YES;
				CLANG_WARN_OBJC_ROOT_CLASS = YES_ERROR;
				CLANG_WARN_QUOTED_INCLUDE_IN_FRAMEWORK_HEADER = YES;
				CLANG_WARN_RANGE_LOOP_ANALYSIS = YES;
				CLANG_WARN_STRICT_PROTOTYPES = YES;
				CLANG_WARN_SUSPICIOUS_MOVE = YES;
				CLANG_WARN_UNGUARDED_AVAILABILITY = YES_AGGRESSIVE;
				CLANG_WARN_UNREACHABLE_CODE = YES;
				CLANG_WARN__DUPLICATE_METHOD_MATCH = YES;
				COPY_PHASE_STRIP = NO;
				DEAD_CODE_STRIPPING = YES;
				DEBUG_INFORMATION_FORMAT = dwarf;
				ENABLE_STRICT_OBJC_MSGSEND = YES;
				ENABLE_TESTABILITY = YES;
				GCC_C_LANGUAGE_STANDARD = gnu11;
				GCC_DYNAMIC_NO_PIC = NO;
				GCC_NO_COMMON_BLOCKS = YES;
				GCC_OPTIMIZATION_LEVEL = 0;
				GCC_PREPROCESSOR_DEFINITIONS = (
					"DEBUG=1",
					"$(inherited)",
				);
				GCC_WARN_64_TO_32_BIT_CONVERSION = YES;
				GCC_WARN_ABOUT_RETURN_TYPE = YES_ERROR;
				GCC_WARN_UNDECLARED_SELECTOR = YES;
				GCC_WARN_UNINITIALIZED_AUTOS = YES_AGGRESSIVE;
				GCC_WARN_UNUSED_FUNCTION = YES;
				GCC_WARN_UNUSED_VARIABLE = YES;
				INFOPLIST_KEY_LSApplicationCategoryType = "public.app-category.utilities";
				MACOSX_DEPLOYMENT_TARGET = 11.0;
				MTL_ENABLE_DEBUG_INFO = INCLUDE_SOURCE;
				MTL_FAST_MATH = YES;
				ONLY_ACTIVE_ARCH = YES;
				SDKROOT = macosx;
				SWIFT_ACTIVE_COMPILATION_CONDITIONS = DEBUG;
				SWIFT_OPTIMIZATION_LEVEL = "-Onone";
			};
			name = Debug;
		};
		FC97EDAB29A4A0E700425AFB /* Release */ = {
			isa = XCBuildConfiguration;
			buildSettings = {
				ALWAYS_SEARCH_USER_PATHS = NO;
				CLANG_ANALYZER_NONNULL = YES;
				CLANG_ANALYZER_NUMBER_OBJECT_CONVERSION = YES_AGGRESSIVE;
				CLANG_CXX_LANGUAGE_STANDARD = "gnu++20";
				CLANG_ENABLE_MODULES = YES;
				CLANG_ENABLE_OBJC_ARC = YES;
				CLANG_ENABLE_OBJC_WEAK = YES;
				CLANG_WARN_BLOCK_CAPTURE_AUTORELEASING = YES;
				CLANG_WARN_BOOL_CONVERSION = YES;
				CLANG_WARN_COMMA = YES;
				CLANG_WARN_CONSTANT_CONVERSION = YES;
				CLANG_WARN_DEPRECATED_OBJC_IMPLEMENTATIONS = YES;
				CLANG_WARN_DIRECT_OBJC_ISA_USAGE = YES_ERROR;
				CLANG_WARN_DOCUMENTATION_COMMENTS = YES;
				CLANG_WARN_EMPTY_BODY = YES;
				CLANG_WARN_ENUM_CONVERSION = YES;
				CLANG_WARN_INFINITE_RECURSION = YES;
				CLANG_WARN_INT_CONVERSION = YES;
				CLANG_WARN_NON_LITERAL_NULL_CONVERSION = YES;
				CLANG_WARN_OBJC_IMPLICIT_RETAIN_SELF = YES;
				CLANG_WARN_OBJC_LITERAL_CONVERSION = YES;
				CLANG_WARN_OBJC_ROOT_CLASS = YES_ERROR;
				CLANG_WARN_QUOTED_INCLUDE_IN_FRAMEWORK_HEADER = YES;
				CLANG_WARN_RANGE_LOOP_ANALYSIS = YES;
				CLANG_WARN_STRICT_PROTOTYPES = YES;
				CLANG_WARN_SUSPICIOUS_MOVE = YES;
				CLANG_WARN_UNGUARDED_AVAILABILITY = YES_AGGRESSIVE;
				CLANG_WARN_UNREACHABLE_CODE = YES;
				CLANG_WARN__DUPLICATE_METHOD_MATCH = YES;
				COPY_PHASE_STRIP = NO;
				DEAD_CODE_STRIPPING = YES;
				DEBUG_INFORMATION_FORMAT = "dwarf-with-dsym";
				ENABLE_NS_ASSERTIONS = NO;
				ENABLE_STRICT_OBJC_MSGSEND = YES;
				GCC_C_LANGUAGE_STANDARD = gnu11;
				GCC_NO_COMMON_BLOCKS = YES;
				GCC_WARN_64_TO_32_BIT_CONVERSION = YES;
				GCC_WARN_ABOUT_RETURN_TYPE = YES_ERROR;
				GCC_WARN_UNDECLARED_SELECTOR = YES;
				GCC_WARN_UNINITIALIZED_AUTOS = YES_AGGRESSIVE;
				GCC_WARN_UNUSED_FUNCTION = YES;
				GCC_WARN_UNUSED_VARIABLE = YES;
				INFOPLIST_KEY_LSApplicationCategoryType = "public.app-category.utilities";
				MACOSX_DEPLOYMENT_TARGET = 11.0;
				MTL_ENABLE_DEBUG_INFO = NO;
				MTL_FAST_MATH = YES;
				SDKROOT = macosx;
				SWIFT_COMPILATION_MODE = wholemodule;
				SWIFT_OPTIMIZATION_LEVEL = "-O";
			};
			name = Release;
		};
		FC97EDAD29A4A0E700425AFB /* Debug */ = {
			isa = XCBuildConfiguration;
			buildSettings = {
				ASSETCATALOG_COMPILER_APPICON_NAME = AppIcon;
				ASSETCATALOG_COMPILER_GLOBAL_ACCENT_COLOR_NAME = AccentColor;
				CODE_SIGN_ENTITLEMENTS = LikeeWallPaper/LikeeWallPaper.entitlements;
				CODE_SIGN_IDENTITY = "Apple Development";
				"CODE_SIGN_IDENTITY[sdk=macosx*]" = "-";
				CODE_SIGN_STYLE = Manual;
				COMBINE_HIDPI_IMAGES = YES;
				CURRENT_PROJECT_VERSION = 5;
				DEAD_CODE_STRIPPING = YES;
				DEVELOPMENT_ASSET_PATHS = "\"LikeeWallPaper/Preview Content\"";
				DEVELOPMENT_TEAM = "";
				ENABLE_PREVIEWS = YES;
				GENERATE_INFOPLIST_FILE = YES;
				INFOPLIST_FILE = LikeeWallPaper/Info.plist;
				INFOPLIST_KEY_CFBundleDisplayName = LivePaper;
				INFOPLIST_KEY_LSApplicationCategoryType = "public.app-category.utilities";
				INFOPLIST_KEY_LSUIElement = YES;
				INFOPLIST_KEY_NSHumanReadableCopyright = "";
				LD_RUNPATH_SEARCH_PATHS = (
					"$(inherited)",
					"@executable_path/../Frameworks",
				);
				MACOSX_DEPLOYMENT_TARGET = 12.0;
				MARKETING_VERSION = 1.0;
				ONLY_ACTIVE_ARCH = YES;
				PRODUCT_BUNDLE_IDENTIFIER = com.LikeeWallPaper.app;
				PRODUCT_NAME = LivePaper;
				PROVISIONING_PROFILE_SPECIFIER = "";
				SWIFT_EMIT_LOC_STRINGS = YES;
				SWIFT_VERSION = 5.0;
			};
			name = Debug;
		};
		FC97EDAE29A4A0E700425AFB /* Release */ = {
			isa = XCBuildConfiguration;
			buildSettings = {
				ASSETCATALOG_COMPILER_APPICON_NAME = AppIcon;
				ASSETCATALOG_COMPILER_GLOBAL_ACCENT_COLOR_NAME = AccentColor;
				CODE_SIGN_ENTITLEMENTS = LikeeWallPaper/LikeeWallPaperRelease.entitlements;
				CODE_SIGN_IDENTITY = "Apple Development";
				"CODE_SIGN_IDENTITY[sdk=macosx*]" = "-";
				CODE_SIGN_STYLE = Manual;
				COMBINE_HIDPI_IMAGES = YES;
				CURRENT_PROJECT_VERSION = 5;
				DEAD_CODE_STRIPPING = YES;
				DEVELOPMENT_ASSET_PATHS = "\"LikeeWallPaper/Preview Content\"";
				DEVELOPMENT_TEAM = "";
				ENABLE_PREVIEWS = YES;
				GENERATE_INFOPLIST_FILE = YES;
				INFOPLIST_FILE = LikeeWallPaper/Info.plist;
				INFOPLIST_KEY_CFBundleDisplayName = LivePaper;
				INFOPLIST_KEY_LSApplicationCategoryType = "public.app-category.utilities";
				INFOPLIST_KEY_LSUIElement = YES;
				INFOPLIST_KEY_NSHumanReadableCopyright = "";
				LD_RUNPATH_SEARCH_PATHS = (
					"$(inherited)",
					"@executable_path/../Frameworks",
				);
				MACOSX_DEPLOYMENT_TARGET = 12.0;
				MARKETING_VERSION = 1.0;
				ONLY_ACTIVE_ARCH = NO;
				PRODUCT_BUNDLE_IDENTIFIER = com.LikeeWallPaper.app;
				PRODUCT_NAME = LivePaper;
				PROVISIONING_PROFILE_SPECIFIER = "";
				SWIFT_EMIT_LOC_STRINGS = YES;
				SWIFT_VERSION = 5.0;
			};
			name = Release;
		};
		FC97EDB029A4A0E700425AFB /* Debug */ = {
			isa = XCBuildConfiguration;
			buildSettings = {
				BUNDLE_LOADER = "$(TEST_HOST)";
				CODE_SIGN_STYLE = Automatic;
				CURRENT_PROJECT_VERSION = 1;
				DEAD_CODE_STRIPPING = YES;
				GENERATE_INFOPLIST_FILE = YES;
				MACOSX_DEPLOYMENT_TARGET = 13.1;
				MARKETING_VERSION = 1.0;
				PRODUCT_BUNDLE_IDENTIFIER = com.shukangfan.LikeeWallPaperTests;
				PRODUCT_NAME = "$(TARGET_NAME)";
				SWIFT_EMIT_LOC_STRINGS = NO;
				SWIFT_VERSION = 5.0;
				TEST_HOST = "$(BUILT_PRODUCTS_DIR)/LikeeWallPaper.app/$(BUNDLE_EXECUTABLE_FOLDER_PATH)/LikeeWallPaper";
			};
			name = Debug;
		};
		FC97EDB129A4A0E700425AFB /* Release */ = {
			isa = XCBuildConfiguration;
			buildSettings = {
				BUNDLE_LOADER = "$(TEST_HOST)";
				CODE_SIGN_STYLE = Automatic;
				CURRENT_PROJECT_VERSION = 1;
				DEAD_CODE_STRIPPING = YES;
				GENERATE_INFOPLIST_FILE = YES;
				MACOSX_DEPLOYMENT_TARGET = 13.1;
				MARKETING_VERSION = 1.0;
				PRODUCT_BUNDLE_IDENTIFIER = com.shukangfan.LikeeWallPaperTests;
				PRODUCT_NAME = "$(TARGET_NAME)";
				SWIFT_EMIT_LOC_STRINGS = NO;
				SWIFT_VERSION = 5.0;
				TEST_HOST = "$(BUILT_PRODUCTS_DIR)/LikeeWallPaper.app/$(BUNDLE_EXECUTABLE_FOLDER_PATH)/LikeeWallPaper";
			};
			name = Release;
		};
		FC97EDB329A4A0E700425AFB /* Debug */ = {
			isa = XCBuildConfiguration;
			buildSettings = {
				CODE_SIGN_STYLE = Automatic;
				CURRENT_PROJECT_VERSION = 1;
				DEAD_CODE_STRIPPING = YES;
				GENERATE_INFOPLIST_FILE = YES;
				MARKETING_VERSION = 1.0;
				PRODUCT_BUNDLE_IDENTIFIER = com.shukangfan.LikeeWallPaperUITests;
				PRODUCT_NAME = "$(TARGET_NAME)";
				SWIFT_EMIT_LOC_STRINGS = NO;
				SWIFT_VERSION = 5.0;
				TEST_TARGET_NAME = LikeeWallPaper;
			};
			name = Debug;
		};
		FC97EDB429A4A0E700425AFB /* Release */ = {
			isa = XCBuildConfiguration;
			buildSettings = {
				CODE_SIGN_STYLE = Automatic;
				CURRENT_PROJECT_VERSION = 1;
				DEAD_CODE_STRIPPING = YES;
				GENERATE_INFOPLIST_FILE = YES;
				MARKETING_VERSION = 1.0;
				PRODUCT_BUNDLE_IDENTIFIER = com.shukangfan.LikeeWallPaperUITests;
				PRODUCT_NAME = "$(TARGET_NAME)";
				SWIFT_EMIT_LOC_STRINGS = NO;
				SWIFT_VERSION = 5.0;
				TEST_TARGET_NAME = LikeeWallPaper;
			};
			name = Release;
		};
		FCE6E2282D3CC262006F7471 /* Debug */ = {
			isa = XCBuildConfiguration;
			buildSettings = {
				ASSETCATALOG_COMPILER_APPICON_NAME = AppIcon;
				ASSETCATALOG_COMPILER_GENERATE_SWIFT_ASSET_SYMBOL_EXTENSIONS = YES;
				ASSETCATALOG_COMPILER_GLOBAL_ACCENT_COLOR_NAME = AccentColor;
				CODE_SIGN_ENTITLEMENTS = LikeeWallPaperHelper/LikeeWallPaperHelper.entitlements;
				"CODE_SIGN_IDENTITY[sdk=macosx*]" = "-";
				CODE_SIGN_STYLE = Manual;
				COMBINE_HIDPI_IMAGES = YES;
				CURRENT_PROJECT_VERSION = 1;
				DEVELOPMENT_ASSET_PATHS = "\"LikeeWallPaperHelper/Preview Content\"";
				DEVELOPMENT_TEAM = "";
				ENABLE_HARDENED_RUNTIME = YES;
				ENABLE_PREVIEWS = YES;
				ENABLE_USER_SCRIPT_SANDBOXING = YES;
				GCC_C_LANGUAGE_STANDARD = gnu17;
				GENERATE_INFOPLIST_FILE = YES;
				INFOPLIST_FILE = LikeeWallPaperHelper/Info.plist;
				INFOPLIST_KEY_CFBundleDisplayName = LivePaperHelper;
				INFOPLIST_KEY_LSApplicationCategoryType = "public.app-category.utilities";
				INFOPLIST_KEY_LSBackgroundOnly = YES;
				INFOPLIST_KEY_NSHumanReadableCopyright = "";
				LD_RUNPATH_SEARCH_PATHS = (
					"$(inherited)",
					"@executable_path/../Frameworks",
				);
				LOCALIZATION_PREFERS_STRING_CATALOGS = YES;
				MACOSX_DEPLOYMENT_TARGET = 12.0;
				MARKETING_VERSION = 1.0;
				PRODUCT_BUNDLE_IDENTIFIER = com.shukangfan.LikeeWallPaper.Helper;
				PRODUCT_NAME = LivePaperHelper;
				PROVISIONING_PROFILE_SPECIFIER = "";
				SWIFT_ACTIVE_COMPILATION_CONDITIONS = "DEBUG $(inherited)";
				SWIFT_EMIT_LOC_STRINGS = YES;
				SWIFT_VERSION = 5.0;
			};
			name = Debug;
		};
		FCE6E2292D3CC262006F7471 /* Release */ = {
			isa = XCBuildConfiguration;
			buildSettings = {
				ASSETCATALOG_COMPILER_APPICON_NAME = AppIcon;
				ASSETCATALOG_COMPILER_GENERATE_SWIFT_ASSET_SYMBOL_EXTENSIONS = YES;
				ASSETCATALOG_COMPILER_GLOBAL_ACCENT_COLOR_NAME = AccentColor;
				CODE_SIGN_ENTITLEMENTS = LikeeWallPaperHelper/LikeeWallPaperHelper.entitlements;
				"CODE_SIGN_IDENTITY[sdk=macosx*]" = "-";
				CODE_SIGN_STYLE = Manual;
				COMBINE_HIDPI_IMAGES = YES;
				CURRENT_PROJECT_VERSION = 1;
				DEVELOPMENT_ASSET_PATHS = "\"LikeeWallPaperHelper/Preview Content\"";
				DEVELOPMENT_TEAM = "";
				ENABLE_HARDENED_RUNTIME = YES;
				ENABLE_PREVIEWS = YES;
				ENABLE_USER_SCRIPT_SANDBOXING = YES;
				GCC_C_LANGUAGE_STANDARD = gnu17;
				GENERATE_INFOPLIST_FILE = YES;
				INFOPLIST_FILE = LikeeWallPaperHelper/Info.plist;
				INFOPLIST_KEY_CFBundleDisplayName = LivePaperHelper;
				INFOPLIST_KEY_LSApplicationCategoryType = "public.app-category.utilities";
				INFOPLIST_KEY_LSBackgroundOnly = YES;
				INFOPLIST_KEY_NSHumanReadableCopyright = "";
				LD_RUNPATH_SEARCH_PATHS = (
					"$(inherited)",
					"@executable_path/../Frameworks",
				);
				LOCALIZATION_PREFERS_STRING_CATALOGS = YES;
				MACOSX_DEPLOYMENT_TARGET = 12.0;
				MARKETING_VERSION = 1.0;
				PRODUCT_BUNDLE_IDENTIFIER = com.shukangfan.LikeeWallPaper.Helper;
				PRODUCT_NAME = LivePaperHelper;
				PROVISIONING_PROFILE_SPECIFIER = "";
				SWIFT_EMIT_LOC_STRINGS = YES;
				SWIFT_VERSION = 5.0;
			};
			name = Release;
		};
		FCFB5C8A2D3D207200839F60 /* Debug */ = {
			isa = XCBuildConfiguration;
			buildSettings = {
				ASSETCATALOG_COMPILER_GENERATE_SWIFT_ASSET_SYMBOL_EXTENSIONS = YES;
				"CODE_SIGN_IDENTITY[sdk=macosx*]" = "-";
				CODE_SIGN_STYLE = Manual;
				COMBINE_HIDPI_IMAGES = YES;
				CURRENT_PROJECT_VERSION = 1;
				DEVELOPMENT_TEAM = "";
				ENABLE_USER_SCRIPT_SANDBOXING = YES;
				GCC_C_LANGUAGE_STANDARD = gnu17;
				GENERATE_INFOPLIST_FILE = YES;
				INFOPLIST_KEY_NSHumanReadableCopyright = "";
				INFOPLIST_KEY_NSPrincipalClass = "";
				INSTALL_PATH = "$(LOCAL_LIBRARY_DIR)/Bundles";
				LOCALIZATION_PREFERS_STRING_CATALOGS = YES;
				MACOSX_DEPLOYMENT_TARGET = 15.2;
				MARKETING_VERSION = 1.0;
				PRODUCT_BUNDLE_IDENTIFIER = com.shukangfan.videos;
				PRODUCT_NAME = "$(TARGET_NAME)";
				PROVISIONING_PROFILE_SPECIFIER = "";
				SKIP_INSTALL = YES;
				SWIFT_EMIT_LOC_STRINGS = YES;
				WRAPPER_EXTENSION = bundle;
			};
			name = Debug;
		};
		FCFB5C8B2D3D207200839F60 /* Release */ = {
			isa = XCBuildConfiguration;
			buildSettings = {
				ASSETCATALOG_COMPILER_GENERATE_SWIFT_ASSET_SYMBOL_EXTENSIONS = YES;
				"CODE_SIGN_IDENTITY[sdk=macosx*]" = "-";
				CODE_SIGN_STYLE = Manual;
				COMBINE_HIDPI_IMAGES = YES;
				CURRENT_PROJECT_VERSION = 1;
				DEVELOPMENT_TEAM = "";
				ENABLE_USER_SCRIPT_SANDBOXING = YES;
				GCC_C_LANGUAGE_STANDARD = gnu17;
				GENERATE_INFOPLIST_FILE = YES;
				INFOPLIST_KEY_NSHumanReadableCopyright = "";
				INFOPLIST_KEY_NSPrincipalClass = "";
				INSTALL_PATH = "$(LOCAL_LIBRARY_DIR)/Bundles";
				LOCALIZATION_PREFERS_STRING_CATALOGS = YES;
				MACOSX_DEPLOYMENT_TARGET = 15.2;
				MARKETING_VERSION = 1.0;
				PRODUCT_BUNDLE_IDENTIFIER = com.shukangfan.videos;
				PRODUCT_NAME = "$(TARGET_NAME)";
				PROVISIONING_PROFILE_SPECIFIER = "";
				SKIP_INSTALL = YES;
				SWIFT_EMIT_LOC_STRINGS = YES;
				WRAPPER_EXTENSION = bundle;
			};
			name = Release;
		};
/* End XCBuildConfiguration section */

/* Begin XCConfigurationList section */
		FC97ED8229A4A0E400425AFB /* Build configuration list for PBXProject "LikeeWallPaper" */ = {
			isa = XCConfigurationList;
			buildConfigurations = (
				FC97EDAA29A4A0E700425AFB /* Debug */,
				FC97EDAB29A4A0E700425AFB /* Release */,
			);
			defaultConfigurationIsVisible = 0;
			defaultConfigurationName = Release;
		};
		FC97EDAC29A4A0E700425AFB /* Build configuration list for PBXNativeTarget "LikeeWallPaper" */ = {
			isa = XCConfigurationList;
			buildConfigurations = (
				FC97EDAD29A4A0E700425AFB /* Debug */,
				FC97EDAE29A4A0E700425AFB /* Release */,
			);
			defaultConfigurationIsVisible = 0;
			defaultConfigurationName = Release;
		};
		FC97EDAF29A4A0E700425AFB /* Build configuration list for PBXNativeTarget "LikeeWallPaperTests" */ = {
			isa = XCConfigurationList;
			buildConfigurations = (
				FC97EDB029A4A0E700425AFB /* Debug */,
				FC97EDB129A4A0E700425AFB /* Release */,
			);
			defaultConfigurationIsVisible = 0;
			defaultConfigurationName = Release;
		};
		FC97EDB229A4A0E700425AFB /* Build configuration list for PBXNativeTarget "LikeeWallPaperUITests" */ = {
			isa = XCConfigurationList;
			buildConfigurations = (
				FC97EDB329A4A0E700425AFB /* Debug */,
				FC97EDB429A4A0E700425AFB /* Release */,
			);
			defaultConfigurationIsVisible = 0;
			defaultConfigurationName = Release;
		};
		FCE6E22E2D3CC262006F7471 /* Build configuration list for PBXNativeTarget "LikeeWallPaperHelper" */ = {
			isa = XCConfigurationList;
			buildConfigurations = (
				FCE6E2282D3CC262006F7471 /* Debug */,
				FCE6E2292D3CC262006F7471 /* Release */,
			);
			defaultConfigurationIsVisible = 0;
			defaultConfigurationName = Release;
		};
		FCFB5C892D3D207200839F60 /* Build configuration list for PBXNativeTarget "videos" */ = {
			isa = XCConfigurationList;
			buildConfigurations = (
				FCFB5C8A2D3D207200839F60 /* Debug */,
				FCFB5C8B2D3D207200839F60 /* Release */,
			);
			defaultConfigurationIsVisible = 0;
			defaultConfigurationName = Release;
		};
/* End XCConfigurationList section */

/* Begin XCRemoteSwiftPackageReference section */
		FC97EDCA29A748B000425AFB /* XCRemoteSwiftPackageReference "Defaults" */ = {
			isa = XCRemoteSwiftPackageReference;
			repositoryURL = "https://github.com/sindresorhus/Defaults";
			requirement = {
				kind = upToNextMajorVersion;
				minimumVersion = 7.1.0;
			};
		};
/* End XCRemoteSwiftPackageReference section */

/* Begin XCSwiftPackageProductDependency section */
		FC97EDCB29A748B000425AFB /* Defaults */ = {
			isa = XCSwiftPackageProductDependency;
			package = FC97EDCA29A748B000425AFB /* XCRemoteSwiftPackageReference "Defaults" */;
			productName = Defaults;
		};
/* End XCSwiftPackageProductDependency section */
	};
	rootObject = FC97ED7F29A4A0E400425AFB /* Project object */;
}
