// !$*UTF8*$!
{
	archiveVersion = 1;
	classes = {
	};
	objectVersion = 70;
	objects = {

/* Begin PBXBuildFile section */
		FC0254712D2B6C81008995FE /* PaperSettingRightView.swift in Sources */ = {isa = PBXBuildFile; fileRef = FC0254702D2B6C73008995FE /* PaperSettingRightView.swift */; };
		FC61BEE529A9D95C00C6384F /* VolumeSettingView.swift in Sources */ = {isa = PBXBuildFile; fileRef = FC61BEE429A9D95C00C6384F /* VolumeSettingView.swift */; };
		FC61BEE829A9D9CA00C6384F /* VolumentSettingController.swift in Sources */ = {isa = PBXBuildFile; fileRef = FC61BEE629A9D9CA00C6384F /* VolumentSettingController.swift */; };
		FC61BEEB29AC4E5B00C6384F /* BatteryManager.swift in Sources */ = {isa = PBXBuildFile; fileRef = FC61BEEA29AC4E5B00C6384F /* BatteryManager.swift */; };
		FC97ED8B29A4A0E400425AFB /* LikeeWallPaperApp.swift in Sources */ = {isa = PBXBuildFile; fileRef = FC97ED8A29A4A0E400425AFB /* LikeeWallPaperApp.swift */; };
		FC97ED8D29A4A0E400425AFB /* ContentView.swift in Sources */ = {isa = PBXBuildFile; fileRef = FC97ED8C29A4A0E400425AFB /* ContentView.swift */; };
		FC97ED8F29A4A0E600425AFB /* Assets.xcassets in Resources */ = {isa = PBXBuildFile; fileRef = FC97ED8E29A4A0E600425AFB /* Assets.xcassets */; };
		FC97ED9229A4A0E600425AFB /* Preview Assets.xcassets in Resources */ = {isa = PBXBuildFile; fileRef = FC97ED9129A4A0E600425AFB /* Preview Assets.xcassets */; };
		FC97ED9D29A4A0E600425AFB /* LikeeWallPaperTests.swift in Sources */ = {isa = PBXBuildFile; fileRef = FC97ED9C29A4A0E600425AFB /* LikeeWallPaperTests.swift */; };
		FC97EDA729A4A0E700425AFB /* LikeeWallPaperUITests.swift in Sources */ = {isa = PBXBuildFile; fileRef = FC97EDA629A4A0E700425AFB /* LikeeWallPaperUITests.swift */; };
		FC97EDA929A4A0E700425AFB /* LikeeWallPaperUITestsLaunchTests.swift in Sources */ = {isa = PBXBuildFile; fileRef = FC97EDA829A4A0E700425AFB /* LikeeWallPaperUITestsLaunchTests.swift */; };
		FC97EDB629A4A1B100425AFB /* PaperPlayerController.swift in Sources */ = {isa = PBXBuildFile; fileRef = FC97EDB529A4A1B100425AFB /* PaperPlayerController.swift */; };
		FC97EDB829A4A1C200425AFB /* PaperPlayerView.swift in Sources */ = {isa = PBXBuildFile; fileRef = FC97EDB729A4A1C200425AFB /* PaperPlayerView.swift */; };
		FC97EDBA29A5F49E00425AFB /* DesktopWindow.swift in Sources */ = {isa = PBXBuildFile; fileRef = FC97EDB929A5F49E00425AFB /* DesktopWindow.swift */; };
		FC97EDBC29A5F66200425AFB /* Utilities.swift in Sources */ = {isa = PBXBuildFile; fileRef = FC97EDBB29A5F66200425AFB /* Utilities.swift */; };
		FC97EDBE29A5F7ED00425AFB /* AppState.swift in Sources */ = {isa = PBXBuildFile; fileRef = FC97EDBD29A5F7ED00425AFB /* AppState.swift */; };
		FC97EDC729A60AD800425AFB /* Menus.swift in Sources */ = {isa = PBXBuildFile; fileRef = FC97EDC629A60AD800425AFB /* Menus.swift */; };
		FC97EDC929A7466000425AFB /* UserSetting.swift in Sources */ = {isa = PBXBuildFile; fileRef = FC97EDC829A7466000425AFB /* UserSetting.swift */; };
		FC97EDCC29A748B000425AFB /* Defaults in Frameworks */ = {isa = PBXBuildFile; productRef = FC97EDCB29A748B000425AFB /* Defaults */; };
		FC97EDCE29A7561400425AFB /* PaperManager.swift in Sources */ = {isa = PBXBuildFile; fileRef = FC97EDCD29A7561400425AFB /* PaperManager.swift */; };
		FC97EDD029A75DDD00425AFB /* UserSettingView.swift in Sources */ = {isa = PBXBuildFile; fileRef = FC97EDCF29A75DDD00425AFB /* UserSettingView.swift */; };
		FC97EDD229A77C7D00425AFB /* PaperSettingView.swift in Sources */ = {isa = PBXBuildFile; fileRef = FC97EDD129A77C7D00425AFB /* PaperSettingView.swift */; };
		FC97EDD429A7981700425AFB /* EventManager.swift in Sources */ = {isa = PBXBuildFile; fileRef = FC97EDD329A7981700425AFB /* EventManager.swift */; };
		FC97FC462CBCCEC00032C598 /* setting.swift in Resources */ = {isa = PBXBuildFile; fileRef = FC97FC452CBCCEC00032C598 /* setting.swift */; };
		FCDA43032D2B862B001B03D9 /* BatteryDisplayManager.swift in Sources */ = {isa = PBXBuildFile; fileRef = FCDA43022D2B862B001B03D9 /* BatteryDisplayManager.swift */; };
		FCDA43052D2BB0FC001B03D9 /* Theme.swift in Sources */ = {isa = PBXBuildFile; fileRef = FCDA43042D2BB0FC001B03D9 /* Theme.swift */; };
		FCDA43072D2BCF8A001B03D9 /* File.swift in Sources */ = {isa = PBXBuildFile; fileRef = FCDA43062D2BCF8A001B03D9 /* File.swift */; };
/* End PBXBuildFile section */

/* Begin PBXContainerItemProxy section */
		FC97ED9929A4A0E600425AFB /* PBXContainerItemProxy */ = {
			isa = PBXContainerItemProxy;
			containerPortal = FC97ED7F29A4A0E400425AFB /* Project object */;
			proxyType = 1;
			remoteGlobalIDString = FC97ED8629A4A0E400425AFB;
			remoteInfo = LikeeWallPaper;
		};
		FC97EDA329A4A0E700425AFB /* PBXContainerItemProxy */ = {
			isa = PBXContainerItemProxy;
			containerPortal = FC97ED7F29A4A0E400425AFB /* Project object */;
			proxyType = 1;
			remoteGlobalIDString = FC97ED8629A4A0E400425AFB;
			remoteInfo = LikeeWallPaper;
		};
/* End PBXContainerItemProxy section */

/* Begin PBXFileReference section */
		FC0254702D2B6C73008995FE /* PaperSettingRightView.swift */ = {isa = PBXFileReference; lastKnownFileType = sourcecode.swift; path = PaperSettingRightView.swift; sourceTree = "<group>"; };
		FC61BEE429A9D95C00C6384F /* VolumeSettingView.swift */ = {isa = PBXFileReference; lastKnownFileType = sourcecode.swift; path = VolumeSettingView.swift; sourceTree = "<group>"; };
		FC61BEE629A9D9CA00C6384F /* VolumentSettingController.swift */ = {isa = PBXFileReference; lastKnownFileType = sourcecode.swift; path = VolumentSettingController.swift; sourceTree = "<group>"; };
		FC61BEEA29AC4E5B00C6384F /* BatteryManager.swift */ = {isa = PBXFileReference; lastKnownFileType = sourcecode.swift; path = BatteryManager.swift; sourceTree = "<group>"; };
		FC97ED8729A4A0E400425AFB /* LikeeWallPaper.app */ = {isa = PBXFileReference; explicitFileType = wrapper.application; includeInIndex = 0; path = LikeeWallPaper.app; sourceTree = BUILT_PRODUCTS_DIR; };
		FC97ED8A29A4A0E400425AFB /* LikeeWallPaperApp.swift */ = {isa = PBXFileReference; lastKnownFileType = sourcecode.swift; path = LikeeWallPaperApp.swift; sourceTree = "<group>"; };
		FC97ED8C29A4A0E400425AFB /* ContentView.swift */ = {isa = PBXFileReference; lastKnownFileType = sourcecode.swift; path = ContentView.swift; sourceTree = "<group>"; };
		FC97ED8E29A4A0E600425AFB /* Assets.xcassets */ = {isa = PBXFileReference; lastKnownFileType = folder.assetcatalog; path = Assets.xcassets; sourceTree = "<group>"; };
		FC97ED9129A4A0E600425AFB /* Preview Assets.xcassets */ = {isa = PBXFileReference; lastKnownFileType = folder.assetcatalog; path = "Preview Assets.xcassets"; sourceTree = "<group>"; };
		FC97ED9329A4A0E600425AFB /* LikeeWallPaper.entitlements */ = {isa = PBXFileReference; lastKnownFileType = text.plist.entitlements; path = LikeeWallPaper.entitlements; sourceTree = "<group>"; };
		FC97ED9829A4A0E600425AFB /* LikeeWallPaperTests.xctest */ = {isa = PBXFileReference; explicitFileType = wrapper.cfbundle; includeInIndex = 0; path = LikeeWallPaperTests.xctest; sourceTree = BUILT_PRODUCTS_DIR; };
		FC97ED9C29A4A0E600425AFB /* LikeeWallPaperTests.swift */ = {isa = PBXFileReference; lastKnownFileType = sourcecode.swift; path = LikeeWallPaperTests.swift; sourceTree = "<group>"; };
		FC97EDA229A4A0E700425AFB /* LikeeWallPaperUITests.xctest */ = {isa = PBXFileReference; explicitFileType = wrapper.cfbundle; includeInIndex = 0; path = LikeeWallPaperUITests.xctest; sourceTree = BUILT_PRODUCTS_DIR; };
		FC97EDA629A4A0E700425AFB /* LikeeWallPaperUITests.swift */ = {isa = PBXFileReference; lastKnownFileType = sourcecode.swift; path = LikeeWallPaperUITests.swift; sourceTree = "<group>"; };
		FC97EDA829A4A0E700425AFB /* LikeeWallPaperUITestsLaunchTests.swift */ = {isa = PBXFileReference; lastKnownFileType = sourcecode.swift; path = LikeeWallPaperUITestsLaunchTests.swift; sourceTree = "<group>"; };
		FC97EDB529A4A1B100425AFB /* PaperPlayerController.swift */ = {isa = PBXFileReference; lastKnownFileType = sourcecode.swift; path = PaperPlayerController.swift; sourceTree = "<group>"; };
		FC97EDB729A4A1C200425AFB /* PaperPlayerView.swift */ = {isa = PBXFileReference; lastKnownFileType = sourcecode.swift; path = PaperPlayerView.swift; sourceTree = "<group>"; };
		FC97EDB929A5F49E00425AFB /* DesktopWindow.swift */ = {isa = PBXFileReference; lastKnownFileType = sourcecode.swift; path = DesktopWindow.swift; sourceTree = "<group>"; };
		FC97EDBB29A5F66200425AFB /* Utilities.swift */ = {isa = PBXFileReference; lastKnownFileType = sourcecode.swift; path = Utilities.swift; sourceTree = "<group>"; };
		FC97EDBD29A5F7ED00425AFB /* AppState.swift */ = {isa = PBXFileReference; lastKnownFileType = sourcecode.swift; path = AppState.swift; sourceTree = "<group>"; };
		FC97EDC629A60AD800425AFB /* Menus.swift */ = {isa = PBXFileReference; fileEncoding = 4; lastKnownFileType = sourcecode.swift; path = Menus.swift; sourceTree = "<group>"; };
		FC97EDC829A7466000425AFB /* UserSetting.swift */ = {isa = PBXFileReference; lastKnownFileType = sourcecode.swift; path = UserSetting.swift; sourceTree = "<group>"; };
		FC97EDCD29A7561400425AFB /* PaperManager.swift */ = {isa = PBXFileReference; lastKnownFileType = sourcecode.swift; path = PaperManager.swift; sourceTree = "<group>"; };
		FC97EDCF29A75DDD00425AFB /* UserSettingView.swift */ = {isa = PBXFileReference; lastKnownFileType = sourcecode.swift; path = UserSettingView.swift; sourceTree = "<group>"; };
		FC97EDD129A77C7D00425AFB /* PaperSettingView.swift */ = {isa = PBXFileReference; lastKnownFileType = sourcecode.swift; path = PaperSettingView.swift; sourceTree = "<group>"; };
		FC97EDD329A7981700425AFB /* EventManager.swift */ = {isa = PBXFileReference; lastKnownFileType = sourcecode.swift; path = EventManager.swift; sourceTree = "<group>"; };
		FC97FC452CBCCEC00032C598 /* setting.swift */ = {isa = PBXFileReference; lastKnownFileType = sourcecode.swift; path = setting.swift; sourceTree = "<group>"; };
		FCDA43022D2B862B001B03D9 /* BatteryDisplayManager.swift */ = {isa = PBXFileReference; lastKnownFileType = sourcecode.swift; path = BatteryDisplayManager.swift; sourceTree = "<group>"; };
		FCDA43042D2BB0FC001B03D9 /* Theme.swift */ = {isa = PBXFileReference; lastKnownFileType = sourcecode.swift; path = Theme.swift; sourceTree = "<group>"; };
		FCDA43062D2BCF8A001B03D9 /* File.swift */ = {isa = PBXFileReference; lastKnownFileType = sourcecode.swift; path = File.swift; sourceTree = "<group>"; };
/* End PBXFileReference section */

/* Begin PBXFileSystemSynchronizedRootGroup section */
		FCDA43082D2BCFDC001B03D9 /* video */ = {isa = PBXFileSystemSynchronizedRootGroup; explicitFileTypes = {}; explicitFolders = (); path = video; sourceTree = "<group>"; };
/* End PBXFileSystemSynchronizedRootGroup section */

/* Begin PBXFrameworksBuildPhase section */
		FC97ED8429A4A0E400425AFB /* Frameworks */ = {
			isa = PBXFrameworksBuildPhase;
			buildActionMask = 2147483647;
			files = (
				FC97EDCC29A748B000425AFB /* Defaults in Frameworks */,
			);
			runOnlyForDeploymentPostprocessing = 0;
		};
		FC97ED9529A4A0E600425AFB /* Frameworks */ = {
			isa = PBXFrameworksBuildPhase;
			buildActionMask = 2147483647;
			files = (
			);
			runOnlyForDeploymentPostprocessing = 0;
		};
		FC97ED9F29A4A0E700425AFB /* Frameworks */ = {
			isa = PBXFrameworksBuildPhase;
			buildActionMask = 2147483647;
			files = (
			);
			runOnlyForDeploymentPostprocessing = 0;
		};
/* End PBXFrameworksBuildPhase section */

/* Begin PBXGroup section */
		FC02546F2D2B6B50008995FE /* model */ = {
			isa = PBXGroup;
			children = (
				FCDA43042D2BB0FC001B03D9 /* Theme.swift */,
				FCDA43062D2BCF8A001B03D9 /* File.swift */,
			);
			path = model;
			sourceTree = "<group>";
		};
		FC5EECD82D0BD4CE00B4F8AA /* view */ = {
			isa = PBXGroup;
			children = (
				FC0254702D2B6C73008995FE /* PaperSettingRightView.swift */,
				FC97EDD129A77C7D00425AFB /* PaperSettingView.swift */,
				FC97EDCF29A75DDD00425AFB /* UserSettingView.swift */,
				FC97EDB729A4A1C200425AFB /* PaperPlayerView.swift */,
				FC61BEE429A9D95C00C6384F /* VolumeSettingView.swift */,
				FC97EDC629A60AD800425AFB /* Menus.swift */,
			);
			path = view;
			sourceTree = "<group>";
		};
		FC5EECD92D0BD50000B4F8AA /* controller */ = {
			isa = PBXGroup;
			children = (
				FC97EDB529A4A1B100425AFB /* PaperPlayerController.swift */,
				FC61BEE629A9D9CA00C6384F /* VolumentSettingController.swift */,
			);
			path = controller;
			sourceTree = "<group>";
		};
		FC5EECDA2D0BD51900B4F8AA /* tools */ = {
			isa = PBXGroup;
			children = (
				FC97EDBB29A5F66200425AFB /* Utilities.swift */,
			);
			path = tools;
			sourceTree = "<group>";
		};
		FC5EECDB2D0BD56300B4F8AA /* manager */ = {
			isa = PBXGroup;
			children = (
				FC97EDCD29A7561400425AFB /* PaperManager.swift */,
				FC97EDD329A7981700425AFB /* EventManager.swift */,
				FC61BEEA29AC4E5B00C6384F /* BatteryManager.swift */,
				FCDA43022D2B862B001B03D9 /* BatteryDisplayManager.swift */,
			);
			path = manager;
			sourceTree = "<group>";
		};
		FC97ED7E29A4A0E400425AFB = {
			isa = PBXGroup;
			children = (
				FC97ED8929A4A0E400425AFB /* LikeeWallPaper */,
				FC97ED9B29A4A0E600425AFB /* LikeeWallPaperTests */,
				FC97EDA529A4A0E700425AFB /* LikeeWallPaperUITests */,
				FC97ED8829A4A0E400425AFB /* Products */,
			);
			sourceTree = "<group>";
		};
		FC97ED8829A4A0E400425AFB /* Products */ = {
			isa = PBXGroup;
			children = (
				FC97ED8729A4A0E400425AFB /* LikeeWallPaper.app */,
				FC97ED9829A4A0E600425AFB /* LikeeWallPaperTests.xctest */,
				FC97EDA229A4A0E700425AFB /* LikeeWallPaperUITests.xctest */,
			);
			name = Products;
			sourceTree = "<group>";
		};
		FC97ED8929A4A0E400425AFB /* LikeeWallPaper */ = {
			isa = PBXGroup;
			children = (
				FCDA43082D2BCFDC001B03D9 /* video */,
				FC02546F2D2B6B50008995FE /* model */,
				FC5EECDB2D0BD56300B4F8AA /* manager */,
				FC5EECDA2D0BD51900B4F8AA /* tools */,
				FC5EECD92D0BD50000B4F8AA /* controller */,
				FC5EECD82D0BD4CE00B4F8AA /* view */,
				FC97FC442CBCCEAB0032C598 /* window */,
				FC97ED8A29A4A0E400425AFB /* LikeeWallPaperApp.swift */,
				FC97ED8C29A4A0E400425AFB /* ContentView.swift */,
				FC97ED8E29A4A0E600425AFB /* Assets.xcassets */,
				FC97ED9329A4A0E600425AFB /* LikeeWallPaper.entitlements */,
				FC97ED9029A4A0E600425AFB /* Preview Content */,
				FC97EDBD29A5F7ED00425AFB /* AppState.swift */,
				FC97EDC829A7466000425AFB /* UserSetting.swift */,
			);
			path = LikeeWallPaper;
			sourceTree = "<group>";
		};
		FC97ED9029A4A0E600425AFB /* Preview Content */ = {
			isa = PBXGroup;
			children = (
				FC97ED9129A4A0E600425AFB /* Preview Assets.xcassets */,
			);
			path = "Preview Content";
			sourceTree = "<group>";
		};
		FC97ED9B29A4A0E600425AFB /* LikeeWallPaperTests */ = {
			isa = PBXGroup;
			children = (
				FC97ED9C29A4A0E600425AFB /* LikeeWallPaperTests.swift */,
			);
			path = LikeeWallPaperTests;
			sourceTree = "<group>";
		};
		FC97EDA529A4A0E700425AFB /* LikeeWallPaperUITests */ = {
			isa = PBXGroup;
			children = (
				FC97EDA629A4A0E700425AFB /* LikeeWallPaperUITests.swift */,
				FC97EDA829A4A0E700425AFB /* LikeeWallPaperUITestsLaunchTests.swift */,
			);
			path = LikeeWallPaperUITests;
			sourceTree = "<group>";
		};
		FC97FC442CBCCEAB0032C598 /* window */ = {
			isa = PBXGroup;
			children = (
				FC97EDB929A5F49E00425AFB /* DesktopWindow.swift */,
				FC97FC452CBCCEC00032C598 /* setting.swift */,
			);
			path = window;
			sourceTree = "<group>";
		};
/* End PBXGroup section */

/* Begin PBXNativeTarget section */
		FC97ED8629A4A0E400425AFB /* LikeeWallPaper */ = {
			isa = PBXNativeTarget;
			buildConfigurationList = FC97EDAC29A4A0E700425AFB /* Build configuration list for PBXNativeTarget "LikeeWallPaper" */;
			buildPhases = (
				FC97ED8329A4A0E400425AFB /* Sources */,
				FC97ED8429A4A0E400425AFB /* Frameworks */,
				FC97ED8529A4A0E400425AFB /* Resources */,
			);
			buildRules = (
			);
			dependencies = (
			);
			fileSystemSynchronizedGroups = (
				FCDA43082D2BCFDC001B03D9 /* video */,
			);
			name = LikeeWallPaper;
			packageProductDependencies = (
				FC97EDCB29A748B000425AFB /* Defaults */,
			);
			productName = LikeeWallPaper;
			productReference = FC97ED8729A4A0E400425AFB /* LikeeWallPaper.app */;
			productType = "com.apple.product-type.application";
		};
		FC97ED9729A4A0E600425AFB /* LikeeWallPaperTests */ = {
			isa = PBXNativeTarget;
			buildConfigurationList = FC97EDAF29A4A0E700425AFB /* Build configuration list for PBXNativeTarget "LikeeWallPaperTests" */;
			buildPhases = (
				FC97ED9429A4A0E600425AFB /* Sources */,
				FC97ED9529A4A0E600425AFB /* Frameworks */,
				FC97ED9629A4A0E600425AFB /* Resources */,
			);
			buildRules = (
			);
			dependencies = (
				FC97ED9A29A4A0E600425AFB /* PBXTargetDependency */,
			);
			name = LikeeWallPaperTests;
			productName = LikeeWallPaperTests;
			productReference = FC97ED9829A4A0E600425AFB /* LikeeWallPaperTests.xctest */;
			productType = "com.apple.product-type.bundle.unit-test";
		};
		FC97EDA129A4A0E700425AFB /* LikeeWallPaperUITests */ = {
			isa = PBXNativeTarget;
			buildConfigurationList = FC97EDB229A4A0E700425AFB /* Build configuration list for PBXNativeTarget "LikeeWallPaperUITests" */;
			buildPhases = (
				FC97ED9E29A4A0E700425AFB /* Sources */,
				FC97ED9F29A4A0E700425AFB /* Frameworks */,
				FC97EDA029A4A0E700425AFB /* Resources */,
			);
			buildRules = (
			);
			dependencies = (
				FC97EDA429A4A0E700425AFB /* PBXTargetDependency */,
			);
			name = LikeeWallPaperUITests;
			productName = LikeeWallPaperUITests;
			productReference = FC97EDA229A4A0E700425AFB /* LikeeWallPaperUITests.xctest */;
			productType = "com.apple.product-type.bundle.ui-testing";
		};
/* End PBXNativeTarget section */

/* Begin PBXProject section */
		FC97ED7F29A4A0E400425AFB /* Project object */ = {
			isa = PBXProject;
			attributes = {
				BuildIndependentTargetsInParallel = 1;
				LastSwiftUpdateCheck = 1420;
				LastUpgradeCheck = 1420;
				TargetAttributes = {
					FC97ED8629A4A0E400425AFB = {
						CreatedOnToolsVersion = 14.2;
					};
					FC97ED9729A4A0E600425AFB = {
						CreatedOnToolsVersion = 14.2;
						TestTargetID = FC97ED8629A4A0E400425AFB;
					};
					FC97EDA129A4A0E700425AFB = {
						CreatedOnToolsVersion = 14.2;
						TestTargetID = FC97ED8629A4A0E400425AFB;
					};
				};
			};
			buildConfigurationList = FC97ED8229A4A0E400425AFB /* Build configuration list for PBXProject "LikeeWallPaper" */;
			compatibilityVersion = "Xcode 14.0";
			developmentRegion = en;
			hasScannedForEncodings = 0;
			knownRegions = (
				en,
				Base,
			);
			mainGroup = FC97ED7E29A4A0E400425AFB;
			packageReferences = (
				FC97EDCA29A748B000425AFB /* XCRemoteSwiftPackageReference "Defaults" */,
			);
			productRefGroup = FC97ED8829A4A0E400425AFB /* Products */;
			projectDirPath = "";
			projectRoot = "";
			targets = (
				FC97ED8629A4A0E400425AFB /* LikeeWallPaper */,
				FC97ED9729A4A0E600425AFB /* LikeeWallPaperTests */,
				FC97EDA129A4A0E700425AFB /* LikeeWallPaperUITests */,
			);
		};
/* End PBXProject section */

/* Begin PBXResourcesBuildPhase section */
		FC97ED8529A4A0E400425AFB /* Resources */ = {
			isa = PBXResourcesBuildPhase;
			buildActionMask = 2147483647;
			files = (
				FC97ED9229A4A0E600425AFB /* Preview Assets.xcassets in Resources */,
				FC97ED8F29A4A0E600425AFB /* Assets.xcassets in Resources */,
				FC97FC462CBCCEC00032C598 /* setting.swift in Resources */,
			);
			runOnlyForDeploymentPostprocessing = 0;
		};
		FC97ED9629A4A0E600425AFB /* Resources */ = {
			isa = PBXResourcesBuildPhase;
			buildActionMask = 2147483647;
			files = (
			);
			runOnlyForDeploymentPostprocessing = 0;
		};
		FC97EDA029A4A0E700425AFB /* Resources */ = {
			isa = PBXResourcesBuildPhase;
			buildActionMask = 2147483647;
			files = (
			);
			runOnlyForDeploymentPostprocessing = 0;
		};
/* End PBXResourcesBuildPhase section */

/* Begin PBXSourcesBuildPhase section */
		FC97ED8329A4A0E400425AFB /* Sources */ = {
			isa = PBXSourcesBuildPhase;
			buildActionMask = 2147483647;
			files = (
				FC97EDCE29A7561400425AFB /* PaperManager.swift in Sources */,
				FC61BEE529A9D95C00C6384F /* VolumeSettingView.swift in Sources */,
				FC97EDC929A7466000425AFB /* UserSetting.swift in Sources */,
				FC97EDBC29A5F66200425AFB /* Utilities.swift in Sources */,
				FC97ED8D29A4A0E400425AFB /* ContentView.swift in Sources */,
				FCDA43072D2BCF8A001B03D9 /* File.swift in Sources */,
				FC61BEEB29AC4E5B00C6384F /* BatteryManager.swift in Sources */,
				FC61BEE829A9D9CA00C6384F /* VolumentSettingController.swift in Sources */,
				FC0254712D2B6C81008995FE /* PaperSettingRightView.swift in Sources */,
				FC97EDBE29A5F7ED00425AFB /* AppState.swift in Sources */,
				FC97EDB829A4A1C200425AFB /* PaperPlayerView.swift in Sources */,
				FC97ED8B29A4A0E400425AFB /* LikeeWallPaperApp.swift in Sources */,
				FC97EDB629A4A1B100425AFB /* PaperPlayerController.swift in Sources */,
				FC97EDC729A60AD800425AFB /* Menus.swift in Sources */,
				FCDA43052D2BB0FC001B03D9 /* Theme.swift in Sources */,
				FC97EDD029A75DDD00425AFB /* UserSettingView.swift in Sources */,
				FCDA43032D2B862B001B03D9 /* BatteryDisplayManager.swift in Sources */,
				FC97EDD229A77C7D00425AFB /* PaperSettingView.swift in Sources */,
				FC97EDBA29A5F49E00425AFB /* DesktopWindow.swift in Sources */,
				FC97EDD429A7981700425AFB /* EventManager.swift in Sources */,
			);
			runOnlyForDeploymentPostprocessing = 0;
		};
		FC97ED9429A4A0E600425AFB /* Sources */ = {
			isa = PBXSourcesBuildPhase;
			buildActionMask = 2147483647;
			files = (
				FC97ED9D29A4A0E600425AFB /* LikeeWallPaperTests.swift in Sources */,
			);
			runOnlyForDeploymentPostprocessing = 0;
		};
		FC97ED9E29A4A0E700425AFB /* Sources */ = {
			isa = PBXSourcesBuildPhase;
			buildActionMask = 2147483647;
			files = (
				FC97EDA929A4A0E700425AFB /* LikeeWallPaperUITestsLaunchTests.swift in Sources */,
				FC97EDA729A4A0E700425AFB /* LikeeWallPaperUITests.swift in Sources */,
			);
			runOnlyForDeploymentPostprocessing = 0;
		};
/* End PBXSourcesBuildPhase section */

/* Begin PBXTargetDependency section */
		FC97ED9A29A4A0E600425AFB /* PBXTargetDependency */ = {
			isa = PBXTargetDependency;
			target = FC97ED8629A4A0E400425AFB /* LikeeWallPaper */;
			targetProxy = FC97ED9929A4A0E600425AFB /* PBXContainerItemProxy */;
		};
		FC97EDA429A4A0E700425AFB /* PBXTargetDependency */ = {
			isa = PBXTargetDependency;
			target = FC97ED8629A4A0E400425AFB /* LikeeWallPaper */;
			targetProxy = FC97EDA329A4A0E700425AFB /* PBXContainerItemProxy */;
		};
/* End PBXTargetDependency section */

/* Begin XCBuildConfiguration section */
		FC97EDAA29A4A0E700425AFB /* Debug */ = {
			isa = XCBuildConfiguration;
			buildSettings = {
				ALWAYS_SEARCH_USER_PATHS = NO;
				CLANG_ANALYZER_NONNULL = YES;
				CLANG_ANALYZER_NUMBER_OBJECT_CONVERSION = YES_AGGRESSIVE;
				CLANG_CXX_LANGUAGE_STANDARD = "gnu++20";
				CLANG_ENABLE_MODULES = YES;
				CLANG_ENABLE_OBJC_ARC = YES;
				CLANG_ENABLE_OBJC_WEAK = YES;
				CLANG_WARN_BLOCK_CAPTURE_AUTORELEASING = YES;
				CLANG_WARN_BOOL_CONVERSION = YES;
				CLANG_WARN_COMMA = YES;
				CLANG_WARN_CONSTANT_CONVERSION = YES;
				CLANG_WARN_DEPRECATED_OBJC_IMPLEMENTATIONS = YES;
				CLANG_WARN_DIRECT_OBJC_ISA_USAGE = YES_ERROR;
				CLANG_WARN_DOCUMENTATION_COMMENTS = YES;
				CLANG_WARN_EMPTY_BODY = YES;
				CLANG_WARN_ENUM_CONVERSION = YES;
				CLANG_WARN_INFINITE_RECURSION = YES;
				CLANG_WARN_INT_CONVERSION = YES;
				CLANG_WARN_NON_LITERAL_NULL_CONVERSION = YES;
				CLANG_WARN_OBJC_IMPLICIT_RETAIN_SELF = YES;
				CLANG_WARN_OBJC_LITERAL_CONVERSION = YES;
				CLANG_WARN_OBJC_ROOT_CLASS = YES_ERROR;
				CLANG_WARN_QUOTED_INCLUDE_IN_FRAMEWORK_HEADER = YES;
				CLANG_WARN_RANGE_LOOP_ANALYSIS = YES;
				CLANG_WARN_STRICT_PROTOTYPES = YES;
				CLANG_WARN_SUSPICIOUS_MOVE = YES;
				CLANG_WARN_UNGUARDED_AVAILABILITY = YES_AGGRESSIVE;
				CLANG_WARN_UNREACHABLE_CODE = YES;
				CLANG_WARN__DUPLICATE_METHOD_MATCH = YES;
				COPY_PHASE_STRIP = NO;
				DEBUG_INFORMATION_FORMAT = dwarf;
				ENABLE_STRICT_OBJC_MSGSEND = YES;
				ENABLE_TESTABILITY = YES;
				GCC_C_LANGUAGE_STANDARD = gnu11;
				GCC_DYNAMIC_NO_PIC = NO;
				GCC_NO_COMMON_BLOCKS = YES;
				GCC_OPTIMIZATION_LEVEL = 0;
				GCC_PREPROCESSOR_DEFINITIONS = (
					"DEBUG=1",
					"$(inherited)",
				);
				GCC_WARN_64_TO_32_BIT_CONVERSION = YES;
				GCC_WARN_ABOUT_RETURN_TYPE = YES_ERROR;
				GCC_WARN_UNDECLARED_SELECTOR = YES;
				GCC_WARN_UNINITIALIZED_AUTOS = YES_AGGRESSIVE;
				GCC_WARN_UNUSED_FUNCTION = YES;
				GCC_WARN_UNUSED_VARIABLE = YES;
				MACOSX_DEPLOYMENT_TARGET = 11.0;
				MTL_ENABLE_DEBUG_INFO = INCLUDE_SOURCE;
				MTL_FAST_MATH = YES;
				ONLY_ACTIVE_ARCH = YES;
				SDKROOT = macosx;
				SWIFT_ACTIVE_COMPILATION_CONDITIONS = DEBUG;
				SWIFT_OPTIMIZATION_LEVEL = "-Onone";
			};
			name = Debug;
		};
		FC97EDAB29A4A0E700425AFB /* Release */ = {
			isa = XCBuildConfiguration;
			buildSettings = {
				ALWAYS_SEARCH_USER_PATHS = NO;
				CLANG_ANALYZER_NONNULL = YES;
				CLANG_ANALYZER_NUMBER_OBJECT_CONVERSION = YES_AGGRESSIVE;
				CLANG_CXX_LANGUAGE_STANDARD = "gnu++20";
				CLANG_ENABLE_MODULES = YES;
				CLANG_ENABLE_OBJC_ARC = YES;
				CLANG_ENABLE_OBJC_WEAK = YES;
				CLANG_WARN_BLOCK_CAPTURE_AUTORELEASING = YES;
				CLANG_WARN_BOOL_CONVERSION = YES;
				CLANG_WARN_COMMA = YES;
				CLANG_WARN_CONSTANT_CONVERSION = YES;
				CLANG_WARN_DEPRECATED_OBJC_IMPLEMENTATIONS = YES;
				CLANG_WARN_DIRECT_OBJC_ISA_USAGE = YES_ERROR;
				CLANG_WARN_DOCUMENTATION_COMMENTS = YES;
				CLANG_WARN_EMPTY_BODY = YES;
				CLANG_WARN_ENUM_CONVERSION = YES;
				CLANG_WARN_INFINITE_RECURSION = YES;
				CLANG_WARN_INT_CONVERSION = YES;
				CLANG_WARN_NON_LITERAL_NULL_CONVERSION = YES;
				CLANG_WARN_OBJC_IMPLICIT_RETAIN_SELF = YES;
				CLANG_WARN_OBJC_LITERAL_CONVERSION = YES;
				CLANG_WARN_OBJC_ROOT_CLASS = YES_ERROR;
				CLANG_WARN_QUOTED_INCLUDE_IN_FRAMEWORK_HEADER = YES;
				CLANG_WARN_RANGE_LOOP_ANALYSIS = YES;
				CLANG_WARN_STRICT_PROTOTYPES = YES;
				CLANG_WARN_SUSPICIOUS_MOVE = YES;
				CLANG_WARN_UNGUARDED_AVAILABILITY = YES_AGGRESSIVE;
				CLANG_WARN_UNREACHABLE_CODE = YES;
				CLANG_WARN__DUPLICATE_METHOD_MATCH = YES;
				COPY_PHASE_STRIP = NO;
				DEBUG_INFORMATION_FORMAT = "dwarf-with-dsym";
				ENABLE_NS_ASSERTIONS = NO;
				ENABLE_STRICT_OBJC_MSGSEND = YES;
				GCC_C_LANGUAGE_STANDARD = gnu11;
				GCC_NO_COMMON_BLOCKS = YES;
				GCC_WARN_64_TO_32_BIT_CONVERSION = YES;
				GCC_WARN_ABOUT_RETURN_TYPE = YES_ERROR;
				GCC_WARN_UNDECLARED_SELECTOR = YES;
				GCC_WARN_UNINITIALIZED_AUTOS = YES_AGGRESSIVE;
				GCC_WARN_UNUSED_FUNCTION = YES;
				GCC_WARN_UNUSED_VARIABLE = YES;
				MACOSX_DEPLOYMENT_TARGET = 11.0;
				MTL_ENABLE_DEBUG_INFO = NO;
				MTL_FAST_MATH = YES;
				SDKROOT = macosx;
				SWIFT_COMPILATION_MODE = wholemodule;
				SWIFT_OPTIMIZATION_LEVEL = "-O";
			};
			name = Release;
		};
		FC97EDAD29A4A0E700425AFB /* Debug */ = {
			isa = XCBuildConfiguration;
			buildSettings = {
				ASSETCATALOG_COMPILER_APPICON_NAME = AppIcon;
				ASSETCATALOG_COMPILER_GLOBAL_ACCENT_COLOR_NAME = AccentColor;
				CODE_SIGN_ENTITLEMENTS = LikeeWallPaper/LikeeWallPaper.entitlements;
				CODE_SIGN_STYLE = Manual;
				COMBINE_HIDPI_IMAGES = YES;
				CURRENT_PROJECT_VERSION = 1;
				DEVELOPMENT_ASSET_PATHS = "\"LikeeWallPaper/Preview Content\"";
				DEVELOPMENT_TEAM = "";
				ENABLE_PREVIEWS = YES;
				GENERATE_INFOPLIST_FILE = YES;
				INFOPLIST_KEY_CFBundleDisplayName = "Likee桌面";
				INFOPLIST_KEY_NSHumanReadableCopyright = "";
				LD_RUNPATH_SEARCH_PATHS = (
					"$(inherited)",
					"@executable_path/../Frameworks",
				);
				MARKETING_VERSION = 1.0;
				PRODUCT_BUNDLE_IDENTIFIER = com.shukangfan.LikeeWallPaper;
				PRODUCT_NAME = "$(TARGET_NAME)";
				PROVISIONING_PROFILE_SPECIFIER = "";
				SWIFT_EMIT_LOC_STRINGS = YES;
				SWIFT_VERSION = 5.0;
			};
			name = Debug;
		};
		FC97EDAE29A4A0E700425AFB /* Release */ = {
			isa = XCBuildConfiguration;
			buildSettings = {
				ASSETCATALOG_COMPILER_APPICON_NAME = AppIcon;
				ASSETCATALOG_COMPILER_GLOBAL_ACCENT_COLOR_NAME = AccentColor;
				CODE_SIGN_ENTITLEMENTS = LikeeWallPaper/LikeeWallPaper.entitlements;
				CODE_SIGN_STYLE = Manual;
				COMBINE_HIDPI_IMAGES = YES;
				CURRENT_PROJECT_VERSION = 1;
				DEVELOPMENT_ASSET_PATHS = "\"LikeeWallPaper/Preview Content\"";
				DEVELOPMENT_TEAM = "";
				ENABLE_PREVIEWS = YES;
				GENERATE_INFOPLIST_FILE = YES;
				INFOPLIST_KEY_CFBundleDisplayName = "Likee桌面";
				INFOPLIST_KEY_NSHumanReadableCopyright = "";
				LD_RUNPATH_SEARCH_PATHS = (
					"$(inherited)",
					"@executable_path/../Frameworks",
				);
				MARKETING_VERSION = 1.0;
				PRODUCT_BUNDLE_IDENTIFIER = com.shukangfan.LikeeWallPaper;
				PRODUCT_NAME = "$(TARGET_NAME)";
				PROVISIONING_PROFILE_SPECIFIER = "";
				SWIFT_EMIT_LOC_STRINGS = YES;
				SWIFT_VERSION = 5.0;
			};
			name = Release;
		};
		FC97EDB029A4A0E700425AFB /* Debug */ = {
			isa = XCBuildConfiguration;
			buildSettings = {
				ALWAYS_EMBED_SWIFT_STANDARD_LIBRARIES = YES;
				BUNDLE_LOADER = "$(TEST_HOST)";
				CODE_SIGN_STYLE = Automatic;
				CURRENT_PROJECT_VERSION = 1;
				GENERATE_INFOPLIST_FILE = YES;
				MACOSX_DEPLOYMENT_TARGET = 13.1;
				MARKETING_VERSION = 1.0;
				PRODUCT_BUNDLE_IDENTIFIER = com.shukangfan.LikeeWallPaperTests;
				PRODUCT_NAME = "$(TARGET_NAME)";
				SWIFT_EMIT_LOC_STRINGS = NO;
				SWIFT_VERSION = 5.0;
				TEST_HOST = "$(BUILT_PRODUCTS_DIR)/LikeeWallPaper.app/$(BUNDLE_EXECUTABLE_FOLDER_PATH)/LikeeWallPaper";
			};
			name = Debug;
		};
		FC97EDB129A4A0E700425AFB /* Release */ = {
			isa = XCBuildConfiguration;
			buildSettings = {
				ALWAYS_EMBED_SWIFT_STANDARD_LIBRARIES = YES;
				BUNDLE_LOADER = "$(TEST_HOST)";
				CODE_SIGN_STYLE = Automatic;
				CURRENT_PROJECT_VERSION = 1;
				GENERATE_INFOPLIST_FILE = YES;
				MACOSX_DEPLOYMENT_TARGET = 13.1;
				MARKETING_VERSION = 1.0;
				PRODUCT_BUNDLE_IDENTIFIER = com.shukangfan.LikeeWallPaperTests;
				PRODUCT_NAME = "$(TARGET_NAME)";
				SWIFT_EMIT_LOC_STRINGS = NO;
				SWIFT_VERSION = 5.0;
				TEST_HOST = "$(BUILT_PRODUCTS_DIR)/LikeeWallPaper.app/$(BUNDLE_EXECUTABLE_FOLDER_PATH)/LikeeWallPaper";
			};
			name = Release;
		};
		FC97EDB329A4A0E700425AFB /* Debug */ = {
			isa = XCBuildConfiguration;
			buildSettings = {
				ALWAYS_EMBED_SWIFT_STANDARD_LIBRARIES = YES;
				CODE_SIGN_STYLE = Automatic;
				CURRENT_PROJECT_VERSION = 1;
				GENERATE_INFOPLIST_FILE = YES;
				MARKETING_VERSION = 1.0;
				PRODUCT_BUNDLE_IDENTIFIER = com.shukangfan.LikeeWallPaperUITests;
				PRODUCT_NAME = "$(TARGET_NAME)";
				SWIFT_EMIT_LOC_STRINGS = NO;
				SWIFT_VERSION = 5.0;
				TEST_TARGET_NAME = LikeeWallPaper;
			};
			name = Debug;
		};
		FC97EDB429A4A0E700425AFB /* Release */ = {
			isa = XCBuildConfiguration;
			buildSettings = {
				ALWAYS_EMBED_SWIFT_STANDARD_LIBRARIES = YES;
				CODE_SIGN_STYLE = Automatic;
				CURRENT_PROJECT_VERSION = 1;
				GENERATE_INFOPLIST_FILE = YES;
				MARKETING_VERSION = 1.0;
				PRODUCT_BUNDLE_IDENTIFIER = com.shukangfan.LikeeWallPaperUITests;
				PRODUCT_NAME = "$(TARGET_NAME)";
				SWIFT_EMIT_LOC_STRINGS = NO;
				SWIFT_VERSION = 5.0;
				TEST_TARGET_NAME = LikeeWallPaper;
			};
			name = Release;
		};
/* End XCBuildConfiguration section */

/* Begin XCConfigurationList section */
		FC97ED8229A4A0E400425AFB /* Build configuration list for PBXProject "LikeeWallPaper" */ = {
			isa = XCConfigurationList;
			buildConfigurations = (
				FC97EDAA29A4A0E700425AFB /* Debug */,
				FC97EDAB29A4A0E700425AFB /* Release */,
			);
			defaultConfigurationIsVisible = 0;
			defaultConfigurationName = Release;
		};
		FC97EDAC29A4A0E700425AFB /* Build configuration list for PBXNativeTarget "LikeeWallPaper" */ = {
			isa = XCConfigurationList;
			buildConfigurations = (
				FC97EDAD29A4A0E700425AFB /* Debug */,
				FC97EDAE29A4A0E700425AFB /* Release */,
			);
			defaultConfigurationIsVisible = 0;
			defaultConfigurationName = Release;
		};
		FC97EDAF29A4A0E700425AFB /* Build configuration list for PBXNativeTarget "LikeeWallPaperTests" */ = {
			isa = XCConfigurationList;
			buildConfigurations = (
				FC97EDB029A4A0E700425AFB /* Debug */,
				FC97EDB129A4A0E700425AFB /* Release */,
			);
			defaultConfigurationIsVisible = 0;
			defaultConfigurationName = Release;
		};
		FC97EDB229A4A0E700425AFB /* Build configuration list for PBXNativeTarget "LikeeWallPaperUITests" */ = {
			isa = XCConfigurationList;
			buildConfigurations = (
				FC97EDB329A4A0E700425AFB /* Debug */,
				FC97EDB429A4A0E700425AFB /* Release */,
			);
			defaultConfigurationIsVisible = 0;
			defaultConfigurationName = Release;
		};
/* End XCConfigurationList section */

/* Begin XCRemoteSwiftPackageReference section */
		FC97EDCA29A748B000425AFB /* XCRemoteSwiftPackageReference "Defaults" */ = {
			isa = XCRemoteSwiftPackageReference;
			repositoryURL = "https://github.com/sindresorhus/Defaults";
			requirement = {
				kind = upToNextMajorVersion;
				minimumVersion = 7.1.0;
			};
		};
/* End XCRemoteSwiftPackageReference section */

/* Begin XCSwiftPackageProductDependency section */
		FC97EDCB29A748B000425AFB /* Defaults */ = {
			isa = XCSwiftPackageProductDependency;
			package = FC97EDCA29A748B000425AFB /* XCRemoteSwiftPackageReference "Defaults" */;
			productName = Defaults;
		};
/* End XCSwiftPackageProductDependency section */
	};
	rootObject = FC97ED7F29A4A0E400425AFB /* Project object */;
}
